// !$*UTF8*$!
{
	archiveVersion = 1;
	classes = {
	};
	objectVersion = 50;
	objects = {

/* Begin PBXBuildFile section */
		AD3DDFFC2535F26F0049107C /* UsersChallenge.xcdatamodeld in Sources */ = {isa = PBXBuildFile; fileRef = AD3DDFFA2535F26F0049107C /* UsersChallenge.xcdatamodeld */; };
		AD4512062536416A00F83F91 /* CD_User+CoreDataClass.swift in Sources */ = {isa = PBXBuildFile; fileRef = AD4512022536416A00F83F91 /* CD_User+CoreDataClass.swift */; };
		AD4512072536416A00F83F91 /* CD_User+CoreDataProperties.swift in Sources */ = {isa = PBXBuildFile; fileRef = AD4512032536416A00F83F91 /* CD_User+CoreDataProperties.swift */; };
		AD45120C253642F400F83F91 /* Reachability.swift in Sources */ = {isa = PBXBuildFile; fileRef = AD45120B253642F400F83F91 /* Reachability.swift */; };
		AD451217253645F900F83F91 /* CD_Friend+CoreDataClass.swift in Sources */ = {isa = PBXBuildFile; fileRef = AD451215253645F900F83F91 /* CD_Friend+CoreDataClass.swift */; };
		AD451218253645F900F83F91 /* CD_Friend+CoreDataProperties.swift in Sources */ = {isa = PBXBuildFile; fileRef = AD451216253645F900F83F91 /* CD_Friend+CoreDataProperties.swift */; };
		AD4DBC072534E3FA00D921A6 /* UsersChallengeApp.swift in Sources */ = {isa = PBXBuildFile; fileRef = AD4DBC062534E3FA00D921A6 /* UsersChallengeApp.swift */; };
		AD4DBC092534E3FA00D921A6 /* ContentView.swift in Sources */ = {isa = PBXBuildFile; fileRef = AD4DBC082534E3FA00D921A6 /* ContentView.swift */; };
		AD4DBC0B2534E3FC00D921A6 /* Assets.xcassets in Resources */ = {isa = PBXBuildFile; fileRef = AD4DBC0A2534E3FC00D921A6 /* Assets.xcassets */; };
		AD4DBC0E2534E3FC00D921A6 /* Preview Assets.xcassets in Resources */ = {isa = PBXBuildFile; fileRef = AD4DBC0D2534E3FC00D921A6 /* Preview Assets.xcassets */; };
		AD6938F0253637A2008FF0EF /* Persistence.swift in Sources */ = {isa = PBXBuildFile; fileRef = AD6938EF253637A2008FF0EF /* Persistence.swift */; };
/* End PBXBuildFile section */

/* Begin PBXFileReference section */
		AD3DDFFB2535F26F0049107C /* Model.xcdatamodel */ = {isa = PBXFileReference; lastKnownFileType = wrapper.xcdatamodel; path = Model.xcdatamodel; sourceTree = "<group>"; };
		AD4512022536416A00F83F91 /* CD_User+CoreDataClass.swift */ = {isa = PBXFileReference; lastKnownFileType = sourcecode.swift; path = "CD_User+CoreDataClass.swift"; sourceTree = "<group>"; };
		AD4512032536416A00F83F91 /* CD_User+CoreDataProperties.swift */ = {isa = PBXFileReference; lastKnownFileType = sourcecode.swift; path = "CD_User+CoreDataProperties.swift"; sourceTree = "<group>"; };
		AD45120B253642F400F83F91 /* Reachability.swift */ = {isa = PBXFileReference; fileEncoding = 4; lastKnownFileType = sourcecode.swift; path = Reachability.swift; sourceTree = "<group>"; };
		AD451215253645F900F83F91 /* CD_Friend+CoreDataClass.swift */ = {isa = PBXFileReference; lastKnownFileType = sourcecode.swift; path = "CD_Friend+CoreDataClass.swift"; sourceTree = "<group>"; };
		AD451216253645F900F83F91 /* CD_Friend+CoreDataProperties.swift */ = {isa = PBXFileReference; lastKnownFileType = sourcecode.swift; path = "CD_Friend+CoreDataProperties.swift"; sourceTree = "<group>"; };
		AD4DBC032534E3FA00D921A6 /* UsersChallenge.app */ = {isa = PBXFileReference; explicitFileType = wrapper.application; includeInIndex = 0; path = UsersChallenge.app; sourceTree = BUILT_PRODUCTS_DIR; };
		AD4DBC062534E3FA00D921A6 /* UsersChallengeApp.swift */ = {isa = PBXFileReference; lastKnownFileType = sourcecode.swift; path = UsersChallengeApp.swift; sourceTree = "<group>"; };
		AD4DBC082534E3FA00D921A6 /* ContentView.swift */ = {isa = PBXFileReference; lastKnownFileType = sourcecode.swift; path = ContentView.swift; sourceTree = "<group>"; };
		AD4DBC0A2534E3FC00D921A6 /* Assets.xcassets */ = {isa = PBXFileReference; lastKnownFileType = folder.assetcatalog; path = Assets.xcassets; sourceTree = "<group>"; };
		AD4DBC0D2534E3FC00D921A6 /* Preview Assets.xcassets */ = {isa = PBXFileReference; lastKnownFileType = folder.assetcatalog; path = "Preview Assets.xcassets"; sourceTree = "<group>"; };
		AD4DBC0F2534E3FC00D921A6 /* Info.plist */ = {isa = PBXFileReference; lastKnownFileType = text.plist.xml; path = Info.plist; sourceTree = "<group>"; };
		AD6938EF253637A2008FF0EF /* Persistence.swift */ = {isa = PBXFileReference; fileEncoding = 4; lastKnownFileType = sourcecode.swift; path = Persistence.swift; sourceTree = "<group>"; };
/* End PBXFileReference section */

/* Begin PBXFrameworksBuildPhase section */
		AD4DBC002534E3FA00D921A6 /* Frameworks */ = {
			isa = PBXFrameworksBuildPhase;
			buildActionMask = 2147483647;
			files = (
			);
			runOnlyForDeploymentPostprocessing = 0;
		};
/* End PBXFrameworksBuildPhase section */

/* Begin PBXGroup section */
		AD4DBBFA2534E3FA00D921A6 = {
			isa = PBXGroup;
			children = (
				AD4DBC052534E3FA00D921A6 /* UsersChallenge */,
				AD4DBC042534E3FA00D921A6 /* Products */,
			);
			sourceTree = "<group>";
		};
		AD4DBC042534E3FA00D921A6 /* Products */ = {
			isa = PBXGroup;
			children = (
				AD4DBC032534E3FA00D921A6 /* UsersChallenge.app */,
			);
			name = Products;
			sourceTree = "<group>";
		};
		AD4DBC052534E3FA00D921A6 /* UsersChallenge */ = {
			isa = PBXGroup;
			children = (
				AD4512022536416A00F83F91 /* CD_User+CoreDataClass.swift */,
				AD4512032536416A00F83F91 /* CD_User+CoreDataProperties.swift */,
				AD451215253645F900F83F91 /* CD_Friend+CoreDataClass.swift */,
				AD451216253645F900F83F91 /* CD_Friend+CoreDataProperties.swift */,
				AD4DBC062534E3FA00D921A6 /* UsersChallengeApp.swift */,
				AD45120B253642F400F83F91 /* Reachability.swift */,
				AD4DBC082534E3FA00D921A6 /* ContentView.swift */,
				AD3DDFFA2535F26F0049107C /* UsersChallenge.xcdatamodeld */,
				AD6938EF253637A2008FF0EF /* Persistence.swift */,
				AD4DBC0A2534E3FC00D921A6 /* Assets.xcassets */,
				AD4DBC0F2534E3FC00D921A6 /* Info.plist */,
				AD4DBC0C2534E3FC00D921A6 /* Preview Content */,
			);
			path = UsersChallenge;
			sourceTree = "<group>";
		};
		AD4DBC0C2534E3FC00D921A6 /* Preview Content */ = {
			isa = PBXGroup;
			children = (
				AD4DBC0D2534E3FC00D921A6 /* Preview Assets.xcassets */,
			);
			path = "Preview Content";
			sourceTree = "<group>";
		};
/* End PBXGroup section */

/* Begin PBXNativeTarget section */
		AD4DBC022534E3FA00D921A6 /* UsersChallenge */ = {
			isa = PBXNativeTarget;
			buildConfigurationList = AD4DBC122534E3FC00D921A6 /* Build configuration list for PBXNativeTarget "UsersChallenge" */;
			buildPhases = (
				AD4DBBFF2534E3FA00D921A6 /* Sources */,
				AD4DBC002534E3FA00D921A6 /* Frameworks */,
				AD4DBC012534E3FA00D921A6 /* Resources */,
			);
			buildRules = (
			);
			dependencies = (
			);
			name = UsersChallenge;
			productName = UsersChallenge;
			productReference = AD4DBC032534E3FA00D921A6 /* UsersChallenge.app */;
			productType = "com.apple.product-type.application";
		};
/* End PBXNativeTarget section */

/* Begin PBXProject section */
		AD4DBBFB2534E3FA00D921A6 /* Project object */ = {
			isa = PBXProject;
			attributes = {
				LastSwiftUpdateCheck = 1200;
				LastUpgradeCheck = 1200;
				TargetAttributes = {
					AD4DBC022534E3FA00D921A6 = {
						CreatedOnToolsVersion = 12.0.1;
					};
				};
			};
			buildConfigurationList = AD4DBBFE2534E3FA00D921A6 /* Build configuration list for PBXProject "UsersChallenge" */;
			compatibilityVersion = "Xcode 9.3";
			developmentRegion = en;
			hasScannedForEncodings = 0;
			knownRegions = (
				en,
				Base,
			);
			mainGroup = AD4DBBFA2534E3FA00D921A6;
			productRefGroup = AD4DBC042534E3FA00D921A6 /* Products */;
			projectDirPath = "";
			projectRoot = "";
			targets = (
				AD4DBC022534E3FA00D921A6 /* UsersChallenge */,
			);
		};
/* End PBXProject section */

/* Begin PBXResourcesBuildPhase section */
		AD4DBC012534E3FA00D921A6 /* Resources */ = {
			isa = PBXResourcesBuildPhase;
			buildActionMask = 2147483647;
			files = (
				AD4DBC0E2534E3FC00D921A6 /* Preview Assets.xcassets in Resources */,
				AD4DBC0B2534E3FC00D921A6 /* Assets.xcassets in Resources */,
			);
			runOnlyForDeploymentPostprocessing = 0;
		};
/* End PBXResourcesBuildPhase section */

/* Begin PBXSourcesBuildPhase section */
		AD4DBBFF2534E3FA00D921A6 /* Sources */ = {
			isa = PBXSourcesBuildPhase;
			buildActionMask = 2147483647;
			files = (
				AD451218253645F900F83F91 /* CD_Friend+CoreDataProperties.swift in Sources */,
				AD4512062536416A00F83F91 /* CD_User+CoreDataClass.swift in Sources */,
				AD4DBC092534E3FA00D921A6 /* ContentView.swift in Sources */,
				AD451217253645F900F83F91 /* CD_Friend+CoreDataClass.swift in Sources */,
				AD6938F0253637A2008FF0EF /* Persistence.swift in Sources */,
				AD45120C253642F400F83F91 /* Reachability.swift in Sources */,
				AD4DBC072534E3FA00D921A6 /* UsersChallengeApp.swift in Sources */,
				AD4512072536416A00F83F91 /* CD_User+CoreDataProperties.swift in Sources */,
				AD3DDFFC2535F26F0049107C /* UsersChallenge.xcdatamodeld in Sources */,
			);
			runOnlyForDeploymentPostprocessing = 0;
		};
/* End PBXSourcesBuildPhase section */

/* Begin XCBuildConfiguration section */
		AD4DBC102534E3FC00D921A6 /* Debug */ = {
			isa = XCBuildConfiguration;
			buildSettings = {
				ALWAYS_SEARCH_USER_PATHS = NO;
				CLANG_ANALYZER_NONNULL = YES;
				CLANG_ANALYZER_NUMBER_OBJECT_CONVERSION = YES_AGGRESSIVE;
				CLANG_CXX_LANGUAGE_STANDARD = "gnu++14";
				CLANG_CXX_LIBRARY = "libc++";
				CLANG_ENABLE_MODULES = YES;
				CLANG_ENABLE_OBJC_ARC = YES;
				CLANG_ENABLE_OBJC_WEAK = YES;
				CLANG_WARN_BLOCK_CAPTURE_AUTORELEASING = YES;
				CLANG_WARN_BOOL_CONVERSION = YES;
				CLANG_WARN_COMMA = YES;
				CLANG_WARN_CONSTANT_CONVERSION = YES;
				CLANG_WARN_DEPRECATED_OBJC_IMPLEMENTATIONS = YES;
				CLANG_WARN_DIRECT_OBJC_ISA_USAGE = YES_ERROR;
				CLANG_WARN_DOCUMENTATION_COMMENTS = YES;
				CLANG_WARN_EMPTY_BODY = YES;
				CLANG_WARN_ENUM_CONVERSION = YES;
				CLANG_WARN_INFINITE_RECURSION = YES;
				CLANG_WARN_INT_CONVERSION = YES;
				CLANG_WARN_NON_LITERAL_NULL_CONVERSION = YES;
				CLANG_WARN_OBJC_IMPLICIT_RETAIN_SELF = YES;
				CLANG_WARN_OBJC_LITERAL_CONVERSION = YES;
				CLANG_WARN_OBJC_ROOT_CLASS = YES_ERROR;
				CLANG_WARN_QUOTED_INCLUDE_IN_FRAMEWORK_HEADER = YES;
				CLANG_WARN_RANGE_LOOP_ANALYSIS = YES;
				CLANG_WARN_STRICT_PROTOTYPES = YES;
				CLANG_WARN_SUSPICIOUS_MOVE = YES;
				CLANG_WARN_UNGUARDED_AVAILABILITY = YES_AGGRESSIVE;
				CLANG_WARN_UNREACHABLE_CODE = YES;
				CLANG_WARN__DUPLICATE_METHOD_MATCH = YES;
				COPY_PHASE_STRIP = NO;
				DEBUG_INFORMATION_FORMAT = dwarf;
				ENABLE_STRICT_OBJC_MSGSEND = YES;
				ENABLE_TESTABILITY = YES;
				GCC_C_LANGUAGE_STANDARD = gnu11;
				GCC_DYNAMIC_NO_PIC = NO;
				GCC_NO_COMMON_BLOCKS = YES;
				GCC_OPTIMIZATION_LEVEL = 0;
				GCC_PREPROCESSOR_DEFINITIONS = (
					"DEBUG=1",
					"$(inherited)",
				);
				GCC_WARN_64_TO_32_BIT_CONVERSION = YES;
				GCC_WARN_ABOUT_RETURN_TYPE = YES_ERROR;
				GCC_WARN_UNDECLARED_SELECTOR = YES;
				GCC_WARN_UNINITIALIZED_AUTOS = YES_AGGRESSIVE;
				GCC_WARN_UNUSED_FUNCTION = YES;
				GCC_WARN_UNUSED_VARIABLE = YES;
				IPHONEOS_DEPLOYMENT_TARGET = 14.0;
				MTL_ENABLE_DEBUG_INFO = INCLUDE_SOURCE;
				MTL_FAST_MATH = YES;
				ONLY_ACTIVE_ARCH = YES;
				SDKROOT = iphoneos;
				SWIFT_ACTIVE_COMPILATION_CONDITIONS = DEBUG;
				SWIFT_OPTIMIZATION_LEVEL = "-Onone";
			};
			name = Debug;
		};
		AD4DBC112534E3FC00D921A6 /* Release */ = {
			isa = XCBuildConfiguration;
			buildSettings = {
				ALWAYS_SEARCH_USER_PATHS = NO;
				CLANG_ANALYZER_NONNULL = YES;
				CLANG_ANALYZER_NUMBER_OBJECT_CONVERSION = YES_AGGRESSIVE;
				CLANG_CXX_LANGUAGE_STANDARD = "gnu++14";
				CLANG_CXX_LIBRARY = "libc++";
				CLANG_ENABLE_MODULES = YES;
				CLANG_ENABLE_OBJC_ARC = YES;
				CLANG_ENABLE_OBJC_WEAK = YES;
				CLANG_WARN_BLOCK_CAPTURE_AUTORELEASING = YES;
				CLANG_WARN_BOOL_CONVERSION = YES;
				CLANG_WARN_COMMA = YES;
				CLANG_WARN_CONSTANT_CONVERSION = YES;
				CLANG_WARN_DEPRECATED_OBJC_IMPLEMENTATIONS = YES;
				CLANG_WARN_DIRECT_OBJC_ISA_USAGE = YES_ERROR;
				CLANG_WARN_DOCUMENTATION_COMMENTS = YES;
				CLANG_WARN_EMPTY_BODY = YES;
				CLANG_WARN_ENUM_CONVERSION = YES;
				CLANG_WARN_INFINITE_RECURSION = YES;
				CLANG_WARN_INT_CONVERSION = YES;
				CLANG_WARN_NON_LITERAL_NULL_CONVERSION = YES;
				CLANG_WARN_OBJC_IMPLICIT_RETAIN_SELF = YES;
				CLANG_WARN_OBJC_LITERAL_CONVERSION = YES;
				CLANG_WARN_OBJC_ROOT_CLASS = YES_ERROR;
				CLANG_WARN_QUOTED_INCLUDE_IN_FRAMEWORK_HEADER = YES;
				CLANG_WARN_RANGE_LOOP_ANALYSIS = YES;
				CLANG_WARN_STRICT_PROTOTYPES = YES;
				CLANG_WARN_SUSPICIOUS_MOVE = YES;
				CLANG_WARN_UNGUARDED_AVAILABILITY = YES_AGGRESSIVE;
				CLANG_WARN_UNREACHABLE_CODE = YES;
				CLANG_WARN__DUPLICATE_METHOD_MATCH = YES;
				COPY_PHASE_STRIP = NO;
				DEBUG_INFORMATION_FORMAT = "dwarf-with-dsym";
				ENABLE_NS_ASSERTIONS = NO;
				ENABLE_STRICT_OBJC_MSGSEND = YES;
				GCC_C_LANGUAGE_STANDARD = gnu11;
				GCC_NO_COMMON_BLOCKS = YES;
				GCC_WARN_64_TO_32_BIT_CONVERSION = YES;
				GCC_WARN_ABOUT_RETURN_TYPE = YES_ERROR;
				GCC_WARN_UNDECLARED_SELECTOR = YES;
				GCC_WARN_UNINITIALIZED_AUTOS = YES_AGGRESSIVE;
				GCC_WARN_UNUSED_FUNCTION = YES;
				GCC_WARN_UNUSED_VARIABLE = YES;
				IPHONEOS_DEPLOYMENT_TARGET = 14.0;
				MTL_ENABLE_DEBUG_INFO = NO;
				MTL_FAST_MATH = YES;
				SDKROOT = iphoneos;
				SWIFT_COMPILATION_MODE = wholemodule;
				SWIFT_OPTIMIZATION_LEVEL = "-O";
				VALIDATE_PRODUCT = YES;
			};
			name = Release;
		};
		AD4DBC132534E3FC00D921A6 /* Debug */ = {
			isa = XCBuildConfiguration;
			buildSettings = {
				ASSETCATALOG_COMPILER_APPICON_NAME = AppIcon;
				ASSETCATALOG_COMPILER_GLOBAL_ACCENT_COLOR_NAME = AccentColor;
				CODE_SIGN_STYLE = Automatic;
				DEVELOPMENT_ASSET_PATHS = "\"UsersChallenge/Preview Content\"";
				DEVELOPMENT_TEAM = D6Z6GBS4J9;
				ENABLE_PREVIEWS = YES;
				INFOPLIST_FILE = UsersChallenge/Info.plist;
				IPHONEOS_DEPLOYMENT_TARGET = 14.0;
				LD_RUNPATH_SEARCH_PATHS = (
					"$(inherited)",
					"@executable_path/Frameworks",
				);
				PRODUCT_BUNDLE_IDENTIFIER = com.markokramar.UsersChallenge;
				PRODUCT_NAME = "$(TARGET_NAME)";
				SWIFT_VERSION = 5.0;
				TARGETED_DEVICE_FAMILY = "1,2";
			};
			name = Debug;
		};
		AD4DBC142534E3FC00D921A6 /* Release */ = {
			isa = XCBuildConfiguration;
			buildSettings = {
				ASSETCATALOG_COMPILER_APPICON_NAME = AppIcon;
				ASSETCATALOG_COMPILER_GLOBAL_ACCENT_COLOR_NAME = AccentColor;
				CODE_SIGN_STYLE = Automatic;
				DEVELOPMENT_ASSET_PATHS = "\"UsersChallenge/Preview Content\"";
				DEVELOPMENT_TEAM = D6Z6GBS4J9;
				ENABLE_PREVIEWS = YES;
				INFOPLIST_FILE = UsersChallenge/Info.plist;
				IPHONEOS_DEPLOYMENT_TARGET = 14.0;
				LD_RUNPATH_SEARCH_PATHS = (
					"$(inherited)",
					"@executable_path/Frameworks",
				);
				PRODUCT_BUNDLE_IDENTIFIER = com.markokramar.UsersChallenge;
				PRODUCT_NAME = "$(TARGET_NAME)";
				SWIFT_VERSION = 5.0;
				TARGETED_DEVICE_FAMILY = "1,2";
			};
			name = Release;
		};
/* End XCBuildConfiguration section */

/* Begin XCConfigurationList section */
		AD4DBBFE2534E3FA00D921A6 /* Build configuration list for PBXProject "UsersChallenge" */ = {
			isa = XCConfigurationList;
			buildConfigurations = (
				AD4DBC102534E3FC00D921A6 /* Debug */,
				AD4DBC112534E3FC00D921A6 /* Release */,
			);
			defaultConfigurationIsVisible = 0;
			defaultConfigurationName = Release;
		};
		AD4DBC122534E3FC00D921A6 /* Build configuration list for PBXNativeTarget "UsersChallenge" */ = {
			isa = XCConfigurationList;
			buildConfigurations = (
				AD4DBC132534E3FC00D921A6 /* Debug */,
				AD4DBC142534E3FC00D921A6 /* Release */,
			);
			defaultConfigurationIsVisible = 0;
			defaultConfigurationName = Release;
		};
/* End XCConfigurationList section */

/* Begin XCVersionGroup section */
		AD3DDFFA2535F26F0049107C /* UsersChallenge.xcdatamodeld */ = {
			isa = XCVersionGroup;
			children = (
				AD3DDFFB2535F26F0049107C /* Model.xcdatamodel */,
			);
			currentVersion = AD3DDFFB2535F26F0049107C /* Model.xcdatamodel */;
			path = UsersChallenge.xcdatamodeld;
			sourceTree = "<group>";
			versionGroupType = wrapper.xcdatamodel;
		};
/* End XCVersionGroup section */
	};
	rootObject = AD4DBBFB2534E3FA00D921A6 /* Project object */;
}
