// !$*UTF8*$!
{
	archiveVersion = 1;
	classes = {
	};
	objectVersion = 50;
	objects = {

/* Begin PBXBuildFile section */
		B50D3E6224B6249E00DAEAC4 /* AppDelegate.swift in Sources */ = {isa = PBXBuildFile; fileRef = B50D3E6124B6249E00DAEAC4 /* AppDelegate.swift */; };
		B50D3E6424B6249E00DAEAC4 /* SceneDelegate.swift in Sources */ = {isa = PBXBuildFile; fileRef = B50D3E6324B6249E00DAEAC4 /* SceneDelegate.swift */; };
		B50D3E6624B6249E00DAEAC4 /* ContentView.swift in Sources */ = {isa = PBXBuildFile; fileRef = B50D3E6524B6249E00DAEAC4 /* ContentView.swift */; };
		B50D3E6824B624A200DAEAC4 /* Assets.xcassets in Resources */ = {isa = PBXBuildFile; fileRef = B50D3E6724B624A200DAEAC4 /* Assets.xcassets */; };
		B50D3E6B24B624A200DAEAC4 /* Preview Assets.xcassets in Resources */ = {isa = PBXBuildFile; fileRef = B50D3E6A24B624A200DAEAC4 /* Preview Assets.xcassets */; };
		B50D3E6E24B624A200DAEAC4 /* LaunchScreen.storyboard in Resources */ = {isa = PBXBuildFile; fileRef = B50D3E6C24B624A200DAEAC4 /* LaunchScreen.storyboard */; };
		B50D3E7824B63AEA00DAEAC4 /* CircleImage.swift in Sources */ = {isa = PBXBuildFile; fileRef = B50D3E7724B63AEA00DAEAC4 /* CircleImage.swift */; };
		B50D3E7A24B63BFE00DAEAC4 /* MapView.swift in Sources */ = {isa = PBXBuildFile; fileRef = B50D3E7924B63BFE00DAEAC4 /* MapView.swift */; };
		B50D3E7D24B6428200DAEAC4 /* Landmark.swift in Sources */ = {isa = PBXBuildFile; fileRef = B50D3E7C24B6428200DAEAC4 /* Landmark.swift */; };
/* End PBXBuildFile section */

/* Begin PBXFileReference section */
		B50D3E5E24B6249E00DAEAC4 /* Landmarks.app */ = {isa = PBXFileReference; explicitFileType = wrapper.application; includeInIndex = 0; path = Landmarks.app; sourceTree = BUILT_PRODUCTS_DIR; };
		B50D3E6124B6249E00DAEAC4 /* AppDelegate.swift */ = {isa = PBXFileReference; lastKnownFileType = sourcecode.swift; path = AppDelegate.swift; sourceTree = "<group>"; };
		B50D3E6324B6249E00DAEAC4 /* SceneDelegate.swift */ = {isa = PBXFileReference; lastKnownFileType = sourcecode.swift; path = SceneDelegate.swift; sourceTree = "<group>"; };
		B50D3E6524B6249E00DAEAC4 /* ContentView.swift */ = {isa = PBXFileReference; lastKnownFileType = sourcecode.swift; path = ContentView.swift; sourceTree = "<group>"; };
		B50D3E6724B624A200DAEAC4 /* Assets.xcassets */ = {isa = PBXFileReference; lastKnownFileType = folder.assetcatalog; path = Assets.xcassets; sourceTree = "<group>"; };
		B50D3E6A24B624A200DAEAC4 /* Preview Assets.xcassets */ = {isa = PBXFileReference; lastKnownFileType = folder.assetcatalog; path = "Preview Assets.xcassets"; sourceTree = "<group>"; };
		B50D3E6D24B624A200DAEAC4 /* Base */ = {isa = PBXFileReference; lastKnownFileType = file.storyboard; name = Base; path = Base.lproj/LaunchScreen.storyboard; sourceTree = "<group>"; };
		B50D3E6F24B624A200DAEAC4 /* Info.plist */ = {isa = PBXFileReference; lastKnownFileType = text.plist.xml; path = Info.plist; sourceTree = "<group>"; };
		B50D3E7724B63AEA00DAEAC4 /* CircleImage.swift */ = {isa = PBXFileReference; lastKnownFileType = sourcecode.swift; path = CircleImage.swift; sourceTree = "<group>"; };
		B50D3E7924B63BFE00DAEAC4 /* MapView.swift */ = {isa = PBXFileReference; lastKnownFileType = sourcecode.swift; path = MapView.swift; sourceTree = "<group>"; };
		B50D3E7C24B6428200DAEAC4 /* Landmark.swift */ = {isa = PBXFileReference; lastKnownFileType = sourcecode.swift; path = Landmark.swift; sourceTree = "<group>"; };
/* End PBXFileReference section */

/* Begin PBXFrameworksBuildPhase section */
		B50D3E5B24B6249E00DAEAC4 /* Frameworks */ = {
			isa = PBXFrameworksBuildPhase;
			buildActionMask = 2147483647;
			files = (
			);
			runOnlyForDeploymentPostprocessing = 0;
		};
/* End PBXFrameworksBuildPhase section */

/* Begin PBXGroup section */
		B50D3E5524B6249E00DAEAC4 = {
			isa = PBXGroup;
			children = (
				B50D3E7724B63AEA00DAEAC4 /* CircleImage.swift */,
				B50D3E7924B63BFE00DAEAC4 /* MapView.swift */,
				B50D3E6024B6249E00DAEAC4 /* Landmarks */,
				B50D3E5F24B6249E00DAEAC4 /* Products */,
			);
			sourceTree = "<group>";
		};
		B50D3E5F24B6249E00DAEAC4 /* Products */ = {
			isa = PBXGroup;
			children = (
				B50D3E5E24B6249E00DAEAC4 /* Landmarks.app */,
			);
			name = Products;
			sourceTree = "<group>";
		};
		B50D3E6024B6249E00DAEAC4 /* Landmarks */ = {
			isa = PBXGroup;
			children = (
				B50D3E7B24B6427000DAEAC4 /* Models */,
				B50D3E6124B6249E00DAEAC4 /* AppDelegate.swift */,
				B50D3E6324B6249E00DAEAC4 /* SceneDelegate.swift */,
				B50D3E6524B6249E00DAEAC4 /* ContentView.swift */,
				B50D3E6724B624A200DAEAC4 /* Assets.xcassets */,
				B50D3E6C24B624A200DAEAC4 /* LaunchScreen.storyboard */,
				B50D3E6F24B624A200DAEAC4 /* Info.plist */,
				B50D3E6924B624A200DAEAC4 /* Preview Content */,
			);
			path = Landmarks;
			sourceTree = "<group>";
		};
		B50D3E6924B624A200DAEAC4 /* Preview Content */ = {
			isa = PBXGroup;
			children = (
				B50D3E6A24B624A200DAEAC4 /* Preview Assets.xcassets */,
			);
			path = "Preview Content";
			sourceTree = "<group>";
		};
		B50D3E7B24B6427000DAEAC4 /* Models */ = {
			isa = PBXGroup;
			children = (
				B50D3E7C24B6428200DAEAC4 /* Landmark.swift */,
			);
			path = Models;
			sourceTree = "<group>";
		};
/* End PBXGroup section */

/* Begin PBXNativeTarget section */
		B50D3E5D24B6249E00DAEAC4 /* Landmarks */ = {
			isa = PBXNativeTarget;
			buildConfigurationList = B50D3E7224B624A200DAEAC4 /* Build configuration list for PBXNativeTarget "Landmarks" */;
			buildPhases = (
				B50D3E5A24B6249E00DAEAC4 /* Sources */,
				B50D3E5B24B6249E00DAEAC4 /* Frameworks */,
				B50D3E5C24B6249E00DAEAC4 /* Resources */,
			);
			buildRules = (
			);
			dependencies = (
			);
			name = Landmarks;
			productName = Landmarks;
			productReference = B50D3E5E24B6249E00DAEAC4 /* Landmarks.app */;
			productType = "com.apple.product-type.application";
		};
/* End PBXNativeTarget section */

/* Begin PBXProject section */
		B50D3E5624B6249E00DAEAC4 /* Project object */ = {
			isa = PBXProject;
			attributes = {
				LastSwiftUpdateCheck = 1150;
				LastUpgradeCheck = 1150;
				ORGANIZATIONNAME = "Marko Kramar";
				TargetAttributes = {
					B50D3E5D24B6249E00DAEAC4 = {
						CreatedOnToolsVersion = 11.5;
					};
				};
			};
			buildConfigurationList = B50D3E5924B6249E00DAEAC4 /* Build configuration list for PBXProject "Landmarks" */;
			compatibilityVersion = "Xcode 9.3";
			developmentRegion = en;
			hasScannedForEncodings = 0;
			knownRegions = (
				en,
				Base,
			);
			mainGroup = B50D3E5524B6249E00DAEAC4;
			productRefGroup = B50D3E5F24B6249E00DAEAC4 /* Products */;
			projectDirPath = "";
			projectRoot = "";
			targets = (
				B50D3E5D24B6249E00DAEAC4 /* Landmarks */,
			);
		};
/* End PBXProject section */

/* Begin PBXResourcesBuildPhase section */
		B50D3E5C24B6249E00DAEAC4 /* Resources */ = {
			isa = PBXResourcesBuildPhase;
			buildActionMask = 2147483647;
			files = (
				B50D3E6E24B624A200DAEAC4 /* LaunchScreen.storyboard in Resources */,
				B50D3E6B24B624A200DAEAC4 /* Preview Assets.xcassets in Resources */,
				B50D3E6824B624A200DAEAC4 /* Assets.xcassets in Resources */,
			);
			runOnlyForDeploymentPostprocessing = 0;
		};
/* End PBXResourcesBuildPhase section */

/* Begin PBXSourcesBuildPhase section */
		B50D3E5A24B6249E00DAEAC4 /* Sources */ = {
			isa = PBXSourcesBuildPhase;
			buildActionMask = 2147483647;
			files = (
				B50D3E6224B6249E00DAEAC4 /* AppDelegate.swift in Sources */,
				B50D3E7824B63AEA00DAEAC4 /* CircleImage.swift in Sources */,
				B50D3E7A24B63BFE00DAEAC4 /* MapView.swift in Sources */,
				B50D3E6424B6249E00DAEAC4 /* SceneDelegate.swift in Sources */,
				B50D3E6624B6249E00DAEAC4 /* ContentView.swift in Sources */,
				B50D3E7D24B6428200DAEAC4 /* Landmark.swift in Sources */,
			);
			runOnlyForDeploymentPostprocessing = 0;
		};
/* End PBXSourcesBuildPhase section */

/* Begin PBXVariantGroup section */
		B50D3E6C24B624A200DAEAC4 /* LaunchScreen.storyboard */ = {
			isa = PBXVariantGroup;
			children = (
				B50D3E6D24B624A200DAEAC4 /* Base */,
			);
			name = LaunchScreen.storyboard;
			sourceTree = "<group>";
		};
/* End PBXVariantGroup section */

/* Begin XCBuildConfiguration section */
		B50D3E7024B624A200DAEAC4 /* Debug */ = {
			isa = XCBuildConfiguration;
			buildSettings = {
				ALWAYS_SEARCH_USER_PATHS = NO;
				CLANG_ANALYZER_NONNULL = YES;
				CLANG_ANALYZER_NUMBER_OBJECT_CONVERSION = YES_AGGRESSIVE;
				CLANG_CXX_LANGUAGE_STANDARD = "gnu++14";
				CLANG_CXX_LIBRARY = "libc++";
				CLANG_ENABLE_MODULES = YES;
				CLANG_ENABLE_OBJC_ARC = YES;
				CLANG_ENABLE_OBJC_WEAK = YES;
				CLANG_WARN_BLOCK_CAPTURE_AUTORELEASING = YES;
				CLANG_WARN_BOOL_CONVERSION = YES;
				CLANG_WARN_COMMA = YES;
				CLANG_WARN_CONSTANT_CONVERSION = YES;
				CLANG_WARN_DEPRECATED_OBJC_IMPLEMENTATIONS = YES;
				CLANG_WARN_DIRECT_OBJC_ISA_USAGE = YES_ERROR;
				CLANG_WARN_DOCUMENTATION_COMMENTS = YES;
				CLANG_WARN_EMPTY_BODY = YES;
				CLANG_WARN_ENUM_CONVERSION = YES;
				CLANG_WARN_INFINITE_RECURSION = YES;
				CLANG_WARN_INT_CONVERSION = YES;
				CLANG_WARN_NON_LITERAL_NULL_CONVERSION = YES;
				CLANG_WARN_OBJC_IMPLICIT_RETAIN_SELF = YES;
				CLANG_WARN_OBJC_LITERAL_CONVERSION = YES;
				CLANG_WARN_OBJC_ROOT_CLASS = YES_ERROR;
				CLANG_WARN_RANGE_LOOP_ANALYSIS = YES;
				CLANG_WARN_STRICT_PROTOTYPES = YES;
				CLANG_WARN_SUSPICIOUS_MOVE = YES;
				CLANG_WARN_UNGUARDED_AVAILABILITY = YES_AGGRESSIVE;
				CLANG_WARN_UNREACHABLE_CODE = YES;
				CLANG_WARN__DUPLICATE_METHOD_MATCH = YES;
				COPY_PHASE_STRIP = NO;
				DEBUG_INFORMATION_FORMAT = dwarf;
				ENABLE_STRICT_OBJC_MSGSEND = YES;
				ENABLE_TESTABILITY = YES;
				GCC_C_LANGUAGE_STANDARD = gnu11;
				GCC_DYNAMIC_NO_PIC = NO;
				GCC_NO_COMMON_BLOCKS = YES;
				GCC_OPTIMIZATION_LEVEL = 0;
				GCC_PREPROCESSOR_DEFINITIONS = (
					"DEBUG=1",
					"$(inherited)",
				);
				GCC_WARN_64_TO_32_BIT_CONVERSION = YES;
				GCC_WARN_ABOUT_RETURN_TYPE = YES_ERROR;
				GCC_WARN_UNDECLARED_SELECTOR = YES;
				GCC_WARN_UNINITIALIZED_AUTOS = YES_AGGRESSIVE;
				GCC_WARN_UNUSED_FUNCTION = YES;
				GCC_WARN_UNUSED_VARIABLE = YES;
				IPHONEOS_DEPLOYMENT_TARGET = 13.5;
				MTL_ENABLE_DEBUG_INFO = INCLUDE_SOURCE;
				MTL_FAST_MATH = YES;
				ONLY_ACTIVE_ARCH = YES;
				SDKROOT = iphoneos;
				SWIFT_ACTIVE_COMPILATION_CONDITIONS = DEBUG;
				SWIFT_OPTIMIZATION_LEVEL = "-Onone";
			};
			name = Debug;
		};
		B50D3E7124B624A200DAEAC4 /* Release */ = {
			isa = XCBuildConfiguration;
			buildSettings = {
				ALWAYS_SEARCH_USER_PATHS = NO;
				CLANG_ANALYZER_NONNULL = YES;
				CLANG_ANALYZER_NUMBER_OBJECT_CONVERSION = YES_AGGRESSIVE;
				CLANG_CXX_LANGUAGE_STANDARD = "gnu++14";
				CLANG_CXX_LIBRARY = "libc++";
				CLANG_ENABLE_MODULES = YES;
				CLANG_ENABLE_OBJC_ARC = YES;
				CLANG_ENABLE_OBJC_WEAK = YES;
				CLANG_WARN_BLOCK_CAPTURE_AUTORELEASING = YES;
				CLANG_WARN_BOOL_CONVERSION = YES;
				CLANG_WARN_COMMA = YES;
				CLANG_WARN_CONSTANT_CONVERSION = YES;
				CLANG_WARN_DEPRECATED_OBJC_IMPLEMENTATIONS = YES;
				CLANG_WARN_DIRECT_OBJC_ISA_USAGE = YES_ERROR;
				CLANG_WARN_DOCUMENTATION_COMMENTS = YES;
				CLANG_WARN_EMPTY_BODY = YES;
				CLANG_WARN_ENUM_CONVERSION = YES;
				CLANG_WARN_INFINITE_RECURSION = YES;
				CLANG_WARN_INT_CONVERSION = YES;
				CLANG_WARN_NON_LITERAL_NULL_CONVERSION = YES;
				CLANG_WARN_OBJC_IMPLICIT_RETAIN_SELF = YES;
				CLANG_WARN_OBJC_LITERAL_CONVERSION = YES;
				CLANG_WARN_OBJC_ROOT_CLASS = YES_ERROR;
				CLANG_WARN_RANGE_LOOP_ANALYSIS = YES;
				CLANG_WARN_STRICT_PROTOTYPES = YES;
				CLANG_WARN_SUSPICIOUS_MOVE = YES;
				CLANG_WARN_UNGUARDED_AVAILABILITY = YES_AGGRESSIVE;
				CLANG_WARN_UNREACHABLE_CODE = YES;
				CLANG_WARN__DUPLICATE_METHOD_MATCH = YES;
				COPY_PHASE_STRIP = NO;
				DEBUG_INFORMATION_FORMAT = "dwarf-with-dsym";
				ENABLE_NS_ASSERTIONS = NO;
				ENABLE_STRICT_OBJC_MSGSEND = YES;
				GCC_C_LANGUAGE_STANDARD = gnu11;
				GCC_NO_COMMON_BLOCKS = YES;
				GCC_WARN_64_TO_32_BIT_CONVERSION = YES;
				GCC_WARN_ABOUT_RETURN_TYPE = YES_ERROR;
				GCC_WARN_UNDECLARED_SELECTOR = YES;
				GCC_WARN_UNINITIALIZED_AUTOS = YES_AGGRESSIVE;
				GCC_WARN_UNUSED_FUNCTION = YES;
				GCC_WARN_UNUSED_VARIABLE = YES;
				IPHONEOS_DEPLOYMENT_TARGET = 13.5;
				MTL_ENABLE_DEBUG_INFO = NO;
				MTL_FAST_MATH = YES;
				SDKROOT = iphoneos;
				SWIFT_COMPILATION_MODE = wholemodule;
				SWIFT_OPTIMIZATION_LEVEL = "-O";
				VALIDATE_PRODUCT = YES;
			};
			name = Release;
		};
		B50D3E7324B624A200DAEAC4 /* Debug */ = {
			isa = XCBuildConfiguration;
			buildSettings = {
				ASSETCATALOG_COMPILER_APPICON_NAME = AppIcon;
				CODE_SIGN_STYLE = Automatic;
				DEVELOPMENT_ASSET_PATHS = "\"Landmarks/Preview Content\"";
				DEVELOPMENT_TEAM = D6Z6GBS4J9;
				ENABLE_PREVIEWS = YES;
				INFOPLIST_FILE = Landmarks/Info.plist;
				LD_RUNPATH_SEARCH_PATHS = (
					"$(inherited)",
					"@executable_path/Frameworks",
				);
				PRODUCT_BUNDLE_IDENTIFIER = com.markokramar.Landmarks;
				PRODUCT_NAME = "$(TARGET_NAME)";
				SWIFT_VERSION = 5.0;
				TARGETED_DEVICE_FAMILY = "1,2";
			};
			name = Debug;
		};
		B50D3E7424B624A200DAEAC4 /* Release */ = {
			isa = XCBuildConfiguration;
			buildSettings = {
				ASSETCATALOG_COMPILER_APPICON_NAME = AppIcon;
				CODE_SIGN_STYLE = Automatic;
				DEVELOPMENT_ASSET_PATHS = "\"Landmarks/Preview Content\"";
				DEVELOPMENT_TEAM = D6Z6GBS4J9;
				ENABLE_PREVIEWS = YES;
				INFOPLIST_FILE = Landmarks/Info.plist;
				LD_RUNPATH_SEARCH_PATHS = (
					"$(inherited)",
					"@executable_path/Frameworks",
				);
				PRODUCT_BUNDLE_IDENTIFIER = com.markokramar.Landmarks;
				PRODUCT_NAME = "$(TARGET_NAME)";
				SWIFT_VERSION = 5.0;
				TARGETED_DEVICE_FAMILY = "1,2";
			};
			name = Release;
		};
/* End XCBuildConfiguration section */

/* Begin XCConfigurationList section */
		B50D3E5924B6249E00DAEAC4 /* Build configuration list for PBXProject "Landmarks" */ = {
			isa = XCConfigurationList;
			buildConfigurations = (
				B50D3E7024B624A200DAEAC4 /* Debug */,
				B50D3E7124B624A200DAEAC4 /* Release */,
			);
			defaultConfigurationIsVisible = 0;
			defaultConfigurationName = Release;
		};
		B50D3E7224B624A200DAEAC4 /* Build configuration list for PBXNativeTarget "Landmarks" */ = {
			isa = XCConfigurationList;
			buildConfigurations = (
				B50D3E7324B624A200DAEAC4 /* Debug */,
				B50D3E7424B624A200DAEAC4 /* Release */,
			);
			defaultConfigurationIsVisible = 0;
			defaultConfigurationName = Release;
		};
/* End XCConfigurationList section */
	};
	rootObject = B50D3E5624B6249E00DAEAC4 /* Project object */;
}
