// !$*UTF8*$!
{
	archiveVersion = 1;
	classes = {
	};
	objectVersion = 50;
	objects = {

/* Begin PBXBuildFile section */
		AD1D2F28252CA1EE004A6CCD /* DetailView.swift in Sources */ = {isa = PBXBuildFile; fileRef = AD1D2F27252CA1EE004A6CCD /* DetailView.swift */; };
		AD826C2D2529AAA700D873AC /* BookWormApp.swift in Sources */ = {isa = PBXBuildFile; fileRef = AD826C2C2529AAA700D873AC /* BookWormApp.swift */; };
		AD826C2F2529AAA700D873AC /* ContentView.swift in Sources */ = {isa = PBXBuildFile; fileRef = AD826C2E2529AAA700D873AC /* ContentView.swift */; };
		AD826C312529AAAA00D873AC /* Assets.xcassets in Resources */ = {isa = PBXBuildFile; fileRef = AD826C302529AAAA00D873AC /* Assets.xcassets */; };
		AD826C342529AAAA00D873AC /* Preview Assets.xcassets in Resources */ = {isa = PBXBuildFile; fileRef = AD826C332529AAAA00D873AC /* Preview Assets.xcassets */; };
		AD826C362529AAAA00D873AC /* Persistence.swift in Sources */ = {isa = PBXBuildFile; fileRef = AD826C352529AAAA00D873AC /* Persistence.swift */; };
		AD826C392529AAAA00D873AC /* BookWorm.xcdatamodeld in Sources */ = {isa = PBXBuildFile; fileRef = AD826C372529AAAA00D873AC /* BookWorm.xcdatamodeld */; };
		AD82844F2529B52000C4146A /* AddBookView.swift in Sources */ = {isa = PBXBuildFile; fileRef = AD82844E2529B52000C4146A /* AddBookView.swift */; };
		AD8284532529B92700C4146A /* RatingView.swift in Sources */ = {isa = PBXBuildFile; fileRef = AD8284522529B92700C4146A /* RatingView.swift */; };
		AD8284562529BB6000C4146A /* EmojiRatingView.swift in Sources */ = {isa = PBXBuildFile; fileRef = AD8284552529BB6000C4146A /* EmojiRatingView.swift */; };
		ADA5ADDC2529B36E009BED88 /* OlderCode1.swift in Sources */ = {isa = PBXBuildFile; fileRef = ADA5ADDB2529B36E009BED88 /* OlderCode1.swift */; };
/* End PBXBuildFile section */

/* Begin PBXFileReference section */
		AD1D2F27252CA1EE004A6CCD /* DetailView.swift */ = {isa = PBXFileReference; lastKnownFileType = sourcecode.swift; path = DetailView.swift; sourceTree = "<group>"; };
		AD826C292529AAA700D873AC /* BookWorm.app */ = {isa = PBXFileReference; explicitFileType = wrapper.application; includeInIndex = 0; path = BookWorm.app; sourceTree = BUILT_PRODUCTS_DIR; };
		AD826C2C2529AAA700D873AC /* BookWormApp.swift */ = {isa = PBXFileReference; lastKnownFileType = sourcecode.swift; path = BookWormApp.swift; sourceTree = "<group>"; };
		AD826C2E2529AAA700D873AC /* ContentView.swift */ = {isa = PBXFileReference; lastKnownFileType = sourcecode.swift; path = ContentView.swift; sourceTree = "<group>"; };
		AD826C302529AAAA00D873AC /* Assets.xcassets */ = {isa = PBXFileReference; lastKnownFileType = folder.assetcatalog; path = Assets.xcassets; sourceTree = "<group>"; };
		AD826C332529AAAA00D873AC /* Preview Assets.xcassets */ = {isa = PBXFileReference; lastKnownFileType = folder.assetcatalog; path = "Preview Assets.xcassets"; sourceTree = "<group>"; };
		AD826C352529AAAA00D873AC /* Persistence.swift */ = {isa = PBXFileReference; lastKnownFileType = sourcecode.swift; path = Persistence.swift; sourceTree = "<group>"; };
		AD826C382529AAAA00D873AC /* BookWorm.xcdatamodel */ = {isa = PBXFileReference; lastKnownFileType = wrapper.xcdatamodel; path = BookWorm.xcdatamodel; sourceTree = "<group>"; };
		AD826C3A2529AAAA00D873AC /* Info.plist */ = {isa = PBXFileReference; lastKnownFileType = text.plist.xml; path = Info.plist; sourceTree = "<group>"; };
		AD82844E2529B52000C4146A /* AddBookView.swift */ = {isa = PBXFileReference; lastKnownFileType = sourcecode.swift; path = AddBookView.swift; sourceTree = "<group>"; };
		AD8284522529B92700C4146A /* RatingView.swift */ = {isa = PBXFileReference; lastKnownFileType = sourcecode.swift; path = RatingView.swift; sourceTree = "<group>"; };
		AD8284552529BB6000C4146A /* EmojiRatingView.swift */ = {isa = PBXFileReference; lastKnownFileType = sourcecode.swift; path = EmojiRatingView.swift; sourceTree = "<group>"; };
		ADA5ADDB2529B36E009BED88 /* OlderCode1.swift */ = {isa = PBXFileReference; lastKnownFileType = sourcecode.swift; path = OlderCode1.swift; sourceTree = "<group>"; };
/* End PBXFileReference section */

/* Begin PBXFrameworksBuildPhase section */
		AD826C262529AAA700D873AC /* Frameworks */ = {
			isa = PBXFrameworksBuildPhase;
			buildActionMask = 2147483647;
			files = (
			);
			runOnlyForDeploymentPostprocessing = 0;
		};
/* End PBXFrameworksBuildPhase section */

/* Begin PBXGroup section */
		AD826C202529AAA700D873AC = {
			isa = PBXGroup;
			children = (
				AD826C2B2529AAA700D873AC /* BookWorm */,
				AD826C2A2529AAA700D873AC /* Products */,
			);
			sourceTree = "<group>";
		};
		AD826C2A2529AAA700D873AC /* Products */ = {
			isa = PBXGroup;
			children = (
				AD826C292529AAA700D873AC /* BookWorm.app */,
			);
			name = Products;
			sourceTree = "<group>";
		};
		AD826C2B2529AAA700D873AC /* BookWorm */ = {
			isa = PBXGroup;
			children = (
				AD826C2C2529AAA700D873AC /* BookWormApp.swift */,
				AD826C2E2529AAA700D873AC /* ContentView.swift */,
				AD1D2F27252CA1EE004A6CCD /* DetailView.swift */,
				AD8284552529BB6000C4146A /* EmojiRatingView.swift */,
				AD82844E2529B52000C4146A /* AddBookView.swift */,
				AD8284522529B92700C4146A /* RatingView.swift */,
				AD826C302529AAAA00D873AC /* Assets.xcassets */,
				AD826C352529AAAA00D873AC /* Persistence.swift */,
				AD826C3A2529AAAA00D873AC /* Info.plist */,
				AD826C372529AAAA00D873AC /* BookWorm.xcdatamodeld */,
				ADA5ADDB2529B36E009BED88 /* OlderCode1.swift */,
				AD826C322529AAAA00D873AC /* Preview Content */,
			);
			path = BookWorm;
			sourceTree = "<group>";
		};
		AD826C322529AAAA00D873AC /* Preview Content */ = {
			isa = PBXGroup;
			children = (
				AD826C332529AAAA00D873AC /* Preview Assets.xcassets */,
			);
			path = "Preview Content";
			sourceTree = "<group>";
		};
/* End PBXGroup section */

/* Begin PBXNativeTarget section */
		AD826C282529AAA700D873AC /* BookWorm */ = {
			isa = PBXNativeTarget;
			buildConfigurationList = AD826C3D2529AAAA00D873AC /* Build configuration list for PBXNativeTarget "BookWorm" */;
			buildPhases = (
				AD826C252529AAA700D873AC /* Sources */,
				AD826C262529AAA700D873AC /* Frameworks */,
				AD826C272529AAA700D873AC /* Resources */,
			);
			buildRules = (
			);
			dependencies = (
			);
			name = BookWorm;
			productName = BookWorm;
			productReference = AD826C292529AAA700D873AC /* BookWorm.app */;
			productType = "com.apple.product-type.application";
		};
/* End PBXNativeTarget section */

/* Begin PBXProject section */
		AD826C212529AAA700D873AC /* Project object */ = {
			isa = PBXProject;
			attributes = {
				LastSwiftUpdateCheck = 1200;
				LastUpgradeCheck = 1200;
				TargetAttributes = {
					AD826C282529AAA700D873AC = {
						CreatedOnToolsVersion = 12.0.1;
					};
				};
			};
			buildConfigurationList = AD826C242529AAA700D873AC /* Build configuration list for PBXProject "BookWorm" */;
			compatibilityVersion = "Xcode 9.3";
			developmentRegion = en;
			hasScannedForEncodings = 0;
			knownRegions = (
				en,
				Base,
			);
			mainGroup = AD826C202529AAA700D873AC;
			productRefGroup = AD826C2A2529AAA700D873AC /* Products */;
			projectDirPath = "";
			projectRoot = "";
			targets = (
				AD826C282529AAA700D873AC /* BookWorm */,
			);
		};
/* End PBXProject section */

/* Begin PBXResourcesBuildPhase section */
		AD826C272529AAA700D873AC /* Resources */ = {
			isa = PBXResourcesBuildPhase;
			buildActionMask = 2147483647;
			files = (
				AD826C342529AAAA00D873AC /* Preview Assets.xcassets in Resources */,
				AD826C312529AAAA00D873AC /* Assets.xcassets in Resources */,
			);
			runOnlyForDeploymentPostprocessing = 0;
		};
/* End PBXResourcesBuildPhase section */

/* Begin PBXSourcesBuildPhase section */
		AD826C252529AAA700D873AC /* Sources */ = {
			isa = PBXSourcesBuildPhase;
			buildActionMask = 2147483647;
			files = (
				AD826C362529AAAA00D873AC /* Persistence.swift in Sources */,
				AD1D2F28252CA1EE004A6CCD /* DetailView.swift in Sources */,
				AD82844F2529B52000C4146A /* AddBookView.swift in Sources */,
				AD826C392529AAAA00D873AC /* BookWorm.xcdatamodeld in Sources */,
				AD826C2F2529AAA700D873AC /* ContentView.swift in Sources */,
				AD8284562529BB6000C4146A /* EmojiRatingView.swift in Sources */,
				AD826C2D2529AAA700D873AC /* BookWormApp.swift in Sources */,
				ADA5ADDC2529B36E009BED88 /* OlderCode1.swift in Sources */,
				AD8284532529B92700C4146A /* RatingView.swift in Sources */,
			);
			runOnlyForDeploymentPostprocessing = 0;
		};
/* End PBXSourcesBuildPhase section */

/* Begin XCBuildConfiguration section */
		AD826C3B2529AAAA00D873AC /* Debug */ = {
			isa = XCBuildConfiguration;
			buildSettings = {
				ALWAYS_SEARCH_USER_PATHS = NO;
				CLANG_ANALYZER_NONNULL = YES;
				CLANG_ANALYZER_NUMBER_OBJECT_CONVERSION = YES_AGGRESSIVE;
				CLANG_CXX_LANGUAGE_STANDARD = "gnu++14";
				CLANG_CXX_LIBRARY = "libc++";
				CLANG_ENABLE_MODULES = YES;
				CLANG_ENABLE_OBJC_ARC = YES;
				CLANG_ENABLE_OBJC_WEAK = YES;
				CLANG_WARN_BLOCK_CAPTURE_AUTORELEASING = YES;
				CLANG_WARN_BOOL_CONVERSION = YES;
				CLANG_WARN_COMMA = YES;
				CLANG_WARN_CONSTANT_CONVERSION = YES;
				CLANG_WARN_DEPRECATED_OBJC_IMPLEMENTATIONS = YES;
				CLANG_WARN_DIRECT_OBJC_ISA_USAGE = YES_ERROR;
				CLANG_WARN_DOCUMENTATION_COMMENTS = YES;
				CLANG_WARN_EMPTY_BODY = YES;
				CLANG_WARN_ENUM_CONVERSION = YES;
				CLANG_WARN_INFINITE_RECURSION = YES;
				CLANG_WARN_INT_CONVERSION = YES;
				CLANG_WARN_NON_LITERAL_NULL_CONVERSION = YES;
				CLANG_WARN_OBJC_IMPLICIT_RETAIN_SELF = YES;
				CLANG_WARN_OBJC_LITERAL_CONVERSION = YES;
				CLANG_WARN_OBJC_ROOT_CLASS = YES_ERROR;
				CLANG_WARN_QUOTED_INCLUDE_IN_FRAMEWORK_HEADER = YES;
				CLANG_WARN_RANGE_LOOP_ANALYSIS = YES;
				CLANG_WARN_STRICT_PROTOTYPES = YES;
				CLANG_WARN_SUSPICIOUS_MOVE = YES;
				CLANG_WARN_UNGUARDED_AVAILABILITY = YES_AGGRESSIVE;
				CLANG_WARN_UNREACHABLE_CODE = YES;
				CLANG_WARN__DUPLICATE_METHOD_MATCH = YES;
				COPY_PHASE_STRIP = NO;
				DEBUG_INFORMATION_FORMAT = dwarf;
				ENABLE_STRICT_OBJC_MSGSEND = YES;
				ENABLE_TESTABILITY = YES;
				GCC_C_LANGUAGE_STANDARD = gnu11;
				GCC_DYNAMIC_NO_PIC = NO;
				GCC_NO_COMMON_BLOCKS = YES;
				GCC_OPTIMIZATION_LEVEL = 0;
				GCC_PREPROCESSOR_DEFINITIONS = (
					"DEBUG=1",
					"$(inherited)",
				);
				GCC_WARN_64_TO_32_BIT_CONVERSION = YES;
				GCC_WARN_ABOUT_RETURN_TYPE = YES_ERROR;
				GCC_WARN_UNDECLARED_SELECTOR = YES;
				GCC_WARN_UNINITIALIZED_AUTOS = YES_AGGRESSIVE;
				GCC_WARN_UNUSED_FUNCTION = YES;
				GCC_WARN_UNUSED_VARIABLE = YES;
				IPHONEOS_DEPLOYMENT_TARGET = 14.0;
				MTL_ENABLE_DEBUG_INFO = INCLUDE_SOURCE;
				MTL_FAST_MATH = YES;
				ONLY_ACTIVE_ARCH = YES;
				SDKROOT = iphoneos;
				SWIFT_ACTIVE_COMPILATION_CONDITIONS = DEBUG;
				SWIFT_OPTIMIZATION_LEVEL = "-Onone";
			};
			name = Debug;
		};
		AD826C3C2529AAAA00D873AC /* Release */ = {
			isa = XCBuildConfiguration;
			buildSettings = {
				ALWAYS_SEARCH_USER_PATHS = NO;
				CLANG_ANALYZER_NONNULL = YES;
				CLANG_ANALYZER_NUMBER_OBJECT_CONVERSION = YES_AGGRESSIVE;
				CLANG_CXX_LANGUAGE_STANDARD = "gnu++14";
				CLANG_CXX_LIBRARY = "libc++";
				CLANG_ENABLE_MODULES = YES;
				CLANG_ENABLE_OBJC_ARC = YES;
				CLANG_ENABLE_OBJC_WEAK = YES;
				CLANG_WARN_BLOCK_CAPTURE_AUTORELEASING = YES;
				CLANG_WARN_BOOL_CONVERSION = YES;
				CLANG_WARN_COMMA = YES;
				CLANG_WARN_CONSTANT_CONVERSION = YES;
				CLANG_WARN_DEPRECATED_OBJC_IMPLEMENTATIONS = YES;
				CLANG_WARN_DIRECT_OBJC_ISA_USAGE = YES_ERROR;
				CLANG_WARN_DOCUMENTATION_COMMENTS = YES;
				CLANG_WARN_EMPTY_BODY = YES;
				CLANG_WARN_ENUM_CONVERSION = YES;
				CLANG_WARN_INFINITE_RECURSION = YES;
				CLANG_WARN_INT_CONVERSION = YES;
				CLANG_WARN_NON_LITERAL_NULL_CONVERSION = YES;
				CLANG_WARN_OBJC_IMPLICIT_RETAIN_SELF = YES;
				CLANG_WARN_OBJC_LITERAL_CONVERSION = YES;
				CLANG_WARN_OBJC_ROOT_CLASS = YES_ERROR;
				CLANG_WARN_QUOTED_INCLUDE_IN_FRAMEWORK_HEADER = YES;
				CLANG_WARN_RANGE_LOOP_ANALYSIS = YES;
				CLANG_WARN_STRICT_PROTOTYPES = YES;
				CLANG_WARN_SUSPICIOUS_MOVE = YES;
				CLANG_WARN_UNGUARDED_AVAILABILITY = YES_AGGRESSIVE;
				CLANG_WARN_UNREACHABLE_CODE = YES;
				CLANG_WARN__DUPLICATE_METHOD_MATCH = YES;
				COPY_PHASE_STRIP = NO;
				DEBUG_INFORMATION_FORMAT = "dwarf-with-dsym";
				ENABLE_NS_ASSERTIONS = NO;
				ENABLE_STRICT_OBJC_MSGSEND = YES;
				GCC_C_LANGUAGE_STANDARD = gnu11;
				GCC_NO_COMMON_BLOCKS = YES;
				GCC_WARN_64_TO_32_BIT_CONVERSION = YES;
				GCC_WARN_ABOUT_RETURN_TYPE = YES_ERROR;
				GCC_WARN_UNDECLARED_SELECTOR = YES;
				GCC_WARN_UNINITIALIZED_AUTOS = YES_AGGRESSIVE;
				GCC_WARN_UNUSED_FUNCTION = YES;
				GCC_WARN_UNUSED_VARIABLE = YES;
				IPHONEOS_DEPLOYMENT_TARGET = 14.0;
				MTL_ENABLE_DEBUG_INFO = NO;
				MTL_FAST_MATH = YES;
				SDKROOT = iphoneos;
				SWIFT_COMPILATION_MODE = wholemodule;
				SWIFT_OPTIMIZATION_LEVEL = "-O";
				VALIDATE_PRODUCT = YES;
			};
			name = Release;
		};
		AD826C3E2529AAAA00D873AC /* Debug */ = {
			isa = XCBuildConfiguration;
			buildSettings = {
				ASSETCATALOG_COMPILER_APPICON_NAME = AppIcon;
				ASSETCATALOG_COMPILER_GLOBAL_ACCENT_COLOR_NAME = AccentColor;
				CODE_SIGN_STYLE = Automatic;
				DEVELOPMENT_ASSET_PATHS = "\"BookWorm/Preview Content\"";
				DEVELOPMENT_TEAM = D6Z6GBS4J9;
				ENABLE_PREVIEWS = YES;
				INFOPLIST_FILE = BookWorm/Info.plist;
				IPHONEOS_DEPLOYMENT_TARGET = 14.0;
				LD_RUNPATH_SEARCH_PATHS = (
					"$(inherited)",
					"@executable_path/Frameworks",
				);
				PRODUCT_BUNDLE_IDENTIFIER = com.markokramar.BookWorm;
				PRODUCT_NAME = "$(TARGET_NAME)";
				SWIFT_VERSION = 5.0;
				TARGETED_DEVICE_FAMILY = "1,2";
			};
			name = Debug;
		};
		AD826C3F2529AAAA00D873AC /* Release */ = {
			isa = XCBuildConfiguration;
			buildSettings = {
				ASSETCATALOG_COMPILER_APPICON_NAME = AppIcon;
				ASSETCATALOG_COMPILER_GLOBAL_ACCENT_COLOR_NAME = AccentColor;
				CODE_SIGN_STYLE = Automatic;
				DEVELOPMENT_ASSET_PATHS = "\"BookWorm/Preview Content\"";
				DEVELOPMENT_TEAM = D6Z6GBS4J9;
				ENABLE_PREVIEWS = YES;
				INFOPLIST_FILE = BookWorm/Info.plist;
				IPHONEOS_DEPLOYMENT_TARGET = 14.0;
				LD_RUNPATH_SEARCH_PATHS = (
					"$(inherited)",
					"@executable_path/Frameworks",
				);
				PRODUCT_BUNDLE_IDENTIFIER = com.markokramar.BookWorm;
				PRODUCT_NAME = "$(TARGET_NAME)";
				SWIFT_VERSION = 5.0;
				TARGETED_DEVICE_FAMILY = "1,2";
			};
			name = Release;
		};
/* End XCBuildConfiguration section */

/* Begin XCConfigurationList section */
		AD826C242529AAA700D873AC /* Build configuration list for PBXProject "BookWorm" */ = {
			isa = XCConfigurationList;
			buildConfigurations = (
				AD826C3B2529AAAA00D873AC /* Debug */,
				AD826C3C2529AAAA00D873AC /* Release */,
			);
			defaultConfigurationIsVisible = 0;
			defaultConfigurationName = Release;
		};
		AD826C3D2529AAAA00D873AC /* Build configuration list for PBXNativeTarget "BookWorm" */ = {
			isa = XCConfigurationList;
			buildConfigurations = (
				AD826C3E2529AAAA00D873AC /* Debug */,
				AD826C3F2529AAAA00D873AC /* Release */,
			);
			defaultConfigurationIsVisible = 0;
			defaultConfigurationName = Release;
		};
/* End XCConfigurationList section */

/* Begin XCVersionGroup section */
		AD826C372529AAAA00D873AC /* BookWorm.xcdatamodeld */ = {
			isa = XCVersionGroup;
			children = (
				AD826C382529AAAA00D873AC /* BookWorm.xcdatamodel */,
			);
			currentVersion = AD826C382529AAAA00D873AC /* BookWorm.xcdatamodel */;
			path = BookWorm.xcdatamodeld;
			sourceTree = "<group>";
			versionGroupType = wrapper.xcdatamodel;
		};
/* End XCVersionGroup section */
	};
	rootObject = AD826C212529AAA700D873AC /* Project object */;
}
