// !$*UTF8*$!
{
	archiveVersion = 1;
	classes = {
	};
	objectVersion = 50;
	objects = {

/* Begin PBXBuildFile section */
		AD074DD425C070FC00F4E40A /* EvolvaCloudAppWebView.swift in Sources */ = {isa = PBXBuildFile; fileRef = AD074DD325C070FC00F4E40A /* EvolvaCloudAppWebView.swift */; };
		AD074DDC25C0734D00F4E40A /* AuthenticationView.swift in Sources */ = {isa = PBXBuildFile; fileRef = AD074DDB25C0734D00F4E40A /* AuthenticationView.swift */; };
		AD8C645325C09CC400D3E51A /* Settings.bundle in Resources */ = {isa = PBXBuildFile; fileRef = AD8C645225C09CC400D3E51A /* Settings.bundle */; };
		ADC6A0A925BF081A0001BC65 /* Evolva_CloudApp.swift in Sources */ = {isa = PBXBuildFile; fileRef = ADC6A0A825BF081A0001BC65 /* Evolva_CloudApp.swift */; };
		ADC6A0AB25BF081A0001BC65 /* ContentView.swift in Sources */ = {isa = PBXBuildFile; fileRef = ADC6A0AA25BF081A0001BC65 /* ContentView.swift */; };
		ADC6A0AD25BF081D0001BC65 /* Assets.xcassets in Resources */ = {isa = PBXBuildFile; fileRef = ADC6A0AC25BF081D0001BC65 /* Assets.xcassets */; };
		ADC6A0B025BF081D0001BC65 /* Preview Assets.xcassets in Resources */ = {isa = PBXBuildFile; fileRef = ADC6A0AF25BF081D0001BC65 /* Preview Assets.xcassets */; };
		ADC6A0B925BF15F70001BC65 /* Dictionary+Encoding.swift in Sources */ = {isa = PBXBuildFile; fileRef = ADC6A0B825BF15F70001BC65 /* Dictionary+Encoding.swift */; };
		ADC6A0BC25BF16100001BC65 /* CharacterSet+Filter.swift in Sources */ = {isa = PBXBuildFile; fileRef = ADC6A0BB25BF16100001BC65 /* CharacterSet+Filter.swift */; };
/* End PBXBuildFile section */

/* Begin PBXFileReference section */
		AD074DD325C070FC00F4E40A /* EvolvaCloudAppWebView.swift */ = {isa = PBXFileReference; lastKnownFileType = sourcecode.swift; path = EvolvaCloudAppWebView.swift; sourceTree = "<group>"; };
		AD074DDB25C0734D00F4E40A /* AuthenticationView.swift */ = {isa = PBXFileReference; lastKnownFileType = sourcecode.swift; path = AuthenticationView.swift; sourceTree = "<group>"; };
		AD8C645225C09CC400D3E51A /* Settings.bundle */ = {isa = PBXFileReference; lastKnownFileType = "wrapper.plug-in"; path = Settings.bundle; sourceTree = "<group>"; };
		ADC6A0A525BF081A0001BC65 /* Evolva Cloud.app */ = {isa = PBXFileReference; explicitFileType = wrapper.application; includeInIndex = 0; path = "Evolva Cloud.app"; sourceTree = BUILT_PRODUCTS_DIR; };
		ADC6A0A825BF081A0001BC65 /* Evolva_CloudApp.swift */ = {isa = PBXFileReference; lastKnownFileType = sourcecode.swift; path = Evolva_CloudApp.swift; sourceTree = "<group>"; };
		ADC6A0AA25BF081A0001BC65 /* ContentView.swift */ = {isa = PBXFileReference; lastKnownFileType = sourcecode.swift; path = ContentView.swift; sourceTree = "<group>"; };
		ADC6A0AC25BF081D0001BC65 /* Assets.xcassets */ = {isa = PBXFileReference; lastKnownFileType = folder.assetcatalog; path = Assets.xcassets; sourceTree = "<group>"; };
		ADC6A0AF25BF081D0001BC65 /* Preview Assets.xcassets */ = {isa = PBXFileReference; lastKnownFileType = folder.assetcatalog; path = "Preview Assets.xcassets"; sourceTree = "<group>"; };
		ADC6A0B125BF081D0001BC65 /* Info.plist */ = {isa = PBXFileReference; lastKnownFileType = text.plist.xml; path = Info.plist; sourceTree = "<group>"; };
		ADC6A0B825BF15F70001BC65 /* Dictionary+Encoding.swift */ = {isa = PBXFileReference; lastKnownFileType = sourcecode.swift; path = "Dictionary+Encoding.swift"; sourceTree = "<group>"; };
		ADC6A0BB25BF16100001BC65 /* CharacterSet+Filter.swift */ = {isa = PBXFileReference; lastKnownFileType = sourcecode.swift; path = "CharacterSet+Filter.swift"; sourceTree = "<group>"; };
/* End PBXFileReference section */

/* Begin PBXFrameworksBuildPhase section */
		ADC6A0A225BF081A0001BC65 /* Frameworks */ = {
			isa = PBXFrameworksBuildPhase;
			buildActionMask = 2147483647;
			files = (
			);
			runOnlyForDeploymentPostprocessing = 0;
		};
/* End PBXFrameworksBuildPhase section */

/* Begin PBXGroup section */
		ADC6A09C25BF081A0001BC65 = {
			isa = PBXGroup;
			children = (
				ADC6A0A725BF081A0001BC65 /* Evolva Cloud */,
				ADC6A0A625BF081A0001BC65 /* Products */,
			);
			sourceTree = "<group>";
		};
		ADC6A0A625BF081A0001BC65 /* Products */ = {
			isa = PBXGroup;
			children = (
				ADC6A0A525BF081A0001BC65 /* Evolva Cloud.app */,
			);
			name = Products;
			sourceTree = "<group>";
		};
		ADC6A0A725BF081A0001BC65 /* Evolva Cloud */ = {
			isa = PBXGroup;
			children = (
				ADD9149D25C0ADA400D810B1 /* Extensions */,
				ADC6A0A825BF081A0001BC65 /* Evolva_CloudApp.swift */,
				ADC6A0AA25BF081A0001BC65 /* ContentView.swift */,
				AD074DD325C070FC00F4E40A /* EvolvaCloudAppWebView.swift */,
				AD074DDB25C0734D00F4E40A /* AuthenticationView.swift */,
				ADC6A0AC25BF081D0001BC65 /* Assets.xcassets */,
				ADC6A0B125BF081D0001BC65 /* Info.plist */,
				ADC6A0AE25BF081D0001BC65 /* Preview Content */,
				AD8C645225C09CC400D3E51A /* Settings.bundle */,
			);
			path = "Evolva Cloud";
			sourceTree = "<group>";
		};
		ADC6A0AE25BF081D0001BC65 /* Preview Content */ = {
			isa = PBXGroup;
			children = (
				ADC6A0AF25BF081D0001BC65 /* Preview Assets.xcassets */,
			);
			path = "Preview Content";
			sourceTree = "<group>";
		};
		ADD9149D25C0ADA400D810B1 /* Extensions */ = {
			isa = PBXGroup;
			children = (
				ADC6A0B825BF15F70001BC65 /* Dictionary+Encoding.swift */,
				ADC6A0BB25BF16100001BC65 /* CharacterSet+Filter.swift */,
			);
			path = Extensions;
			sourceTree = "<group>";
		};
/* End PBXGroup section */

/* Begin PBXNativeTarget section */
		ADC6A0A425BF081A0001BC65 /* Evolva Cloud */ = {
			isa = PBXNativeTarget;
			buildConfigurationList = ADC6A0B425BF081D0001BC65 /* Build configuration list for PBXNativeTarget "Evolva Cloud" */;
			buildPhases = (
				ADC6A0A125BF081A0001BC65 /* Sources */,
				ADC6A0A225BF081A0001BC65 /* Frameworks */,
				ADC6A0A325BF081A0001BC65 /* Resources */,
			);
			buildRules = (
			);
			dependencies = (
			);
			name = "Evolva Cloud";
			productName = "Evolva Cloud";
			productReference = ADC6A0A525BF081A0001BC65 /* Evolva Cloud.app */;
			productType = "com.apple.product-type.application";
		};
/* End PBXNativeTarget section */

/* Begin PBXProject section */
		ADC6A09D25BF081A0001BC65 /* Project object */ = {
			isa = PBXProject;
			attributes = {
				LastSwiftUpdateCheck = 1230;
				LastUpgradeCheck = 1230;
				TargetAttributes = {
					ADC6A0A425BF081A0001BC65 = {
						CreatedOnToolsVersion = 12.3;
					};
				};
			};
			buildConfigurationList = ADC6A0A025BF081A0001BC65 /* Build configuration list for PBXProject "Evolva Cloud" */;
			compatibilityVersion = "Xcode 9.3";
			developmentRegion = en;
			hasScannedForEncodings = 0;
			knownRegions = (
				en,
				Base,
			);
			mainGroup = ADC6A09C25BF081A0001BC65;
			productRefGroup = ADC6A0A625BF081A0001BC65 /* Products */;
			projectDirPath = "";
			projectRoot = "";
			targets = (
				ADC6A0A425BF081A0001BC65 /* Evolva Cloud */,
			);
		};
/* End PBXProject section */

/* Begin PBXResourcesBuildPhase section */
		ADC6A0A325BF081A0001BC65 /* Resources */ = {
			isa = PBXResourcesBuildPhase;
			buildActionMask = 2147483647;
			files = (
				ADC6A0B025BF081D0001BC65 /* Preview Assets.xcassets in Resources */,
				AD8C645325C09CC400D3E51A /* Settings.bundle in Resources */,
				ADC6A0AD25BF081D0001BC65 /* Assets.xcassets in Resources */,
			);
			runOnlyForDeploymentPostprocessing = 0;
		};
/* End PBXResourcesBuildPhase section */

/* Begin PBXSourcesBuildPhase section */
		ADC6A0A125BF081A0001BC65 /* Sources */ = {
			isa = PBXSourcesBuildPhase;
			buildActionMask = 2147483647;
			files = (
				ADC6A0B925BF15F70001BC65 /* Dictionary+Encoding.swift in Sources */,
				ADC6A0AB25BF081A0001BC65 /* ContentView.swift in Sources */,
				AD074DD425C070FC00F4E40A /* EvolvaCloudAppWebView.swift in Sources */,
				ADC6A0BC25BF16100001BC65 /* CharacterSet+Filter.swift in Sources */,
				ADC6A0A925BF081A0001BC65 /* Evolva_CloudApp.swift in Sources */,
				AD074DDC25C0734D00F4E40A /* AuthenticationView.swift in Sources */,
			);
			runOnlyForDeploymentPostprocessing = 0;
		};
/* End PBXSourcesBuildPhase section */

/* Begin XCBuildConfiguration section */
		ADC6A0B225BF081D0001BC65 /* Debug */ = {
			isa = XCBuildConfiguration;
			buildSettings = {
				ALWAYS_SEARCH_USER_PATHS = NO;
				CLANG_ANALYZER_NONNULL = YES;
				CLANG_ANALYZER_NUMBER_OBJECT_CONVERSION = YES_AGGRESSIVE;
				CLANG_CXX_LANGUAGE_STANDARD = "gnu++14";
				CLANG_CXX_LIBRARY = "libc++";
				CLANG_ENABLE_MODULES = YES;
				CLANG_ENABLE_OBJC_ARC = YES;
				CLANG_ENABLE_OBJC_WEAK = YES;
				CLANG_WARN_BLOCK_CAPTURE_AUTORELEASING = YES;
				CLANG_WARN_BOOL_CONVERSION = YES;
				CLANG_WARN_COMMA = YES;
				CLANG_WARN_CONSTANT_CONVERSION = YES;
				CLANG_WARN_DEPRECATED_OBJC_IMPLEMENTATIONS = YES;
				CLANG_WARN_DIRECT_OBJC_ISA_USAGE = YES_ERROR;
				CLANG_WARN_DOCUMENTATION_COMMENTS = YES;
				CLANG_WARN_EMPTY_BODY = YES;
				CLANG_WARN_ENUM_CONVERSION = YES;
				CLANG_WARN_INFINITE_RECURSION = YES;
				CLANG_WARN_INT_CONVERSION = YES;
				CLANG_WARN_NON_LITERAL_NULL_CONVERSION = YES;
				CLANG_WARN_OBJC_IMPLICIT_RETAIN_SELF = YES;
				CLANG_WARN_OBJC_LITERAL_CONVERSION = YES;
				CLANG_WARN_OBJC_ROOT_CLASS = YES_ERROR;
				CLANG_WARN_QUOTED_INCLUDE_IN_FRAMEWORK_HEADER = YES;
				CLANG_WARN_RANGE_LOOP_ANALYSIS = YES;
				CLANG_WARN_STRICT_PROTOTYPES = YES;
				CLANG_WARN_SUSPICIOUS_MOVE = YES;
				CLANG_WARN_UNGUARDED_AVAILABILITY = YES_AGGRESSIVE;
				CLANG_WARN_UNREACHABLE_CODE = YES;
				CLANG_WARN__DUPLICATE_METHOD_MATCH = YES;
				COPY_PHASE_STRIP = NO;
				DEBUG_INFORMATION_FORMAT = dwarf;
				ENABLE_STRICT_OBJC_MSGSEND = YES;
				ENABLE_TESTABILITY = YES;
				GCC_C_LANGUAGE_STANDARD = gnu11;
				GCC_DYNAMIC_NO_PIC = NO;
				GCC_NO_COMMON_BLOCKS = YES;
				GCC_OPTIMIZATION_LEVEL = 0;
				GCC_PREPROCESSOR_DEFINITIONS = (
					"DEBUG=1",
					"$(inherited)",
				);
				GCC_WARN_64_TO_32_BIT_CONVERSION = YES;
				GCC_WARN_ABOUT_RETURN_TYPE = YES_ERROR;
				GCC_WARN_UNDECLARED_SELECTOR = YES;
				GCC_WARN_UNINITIALIZED_AUTOS = YES_AGGRESSIVE;
				GCC_WARN_UNUSED_FUNCTION = YES;
				GCC_WARN_UNUSED_VARIABLE = YES;
				IPHONEOS_DEPLOYMENT_TARGET = 14.4;
				MTL_ENABLE_DEBUG_INFO = INCLUDE_SOURCE;
				MTL_FAST_MATH = YES;
				ONLY_ACTIVE_ARCH = YES;
				SDKROOT = iphoneos;
				SWIFT_ACTIVE_COMPILATION_CONDITIONS = DEBUG;
				SWIFT_OPTIMIZATION_LEVEL = "-Onone";
			};
			name = Debug;
		};
		ADC6A0B325BF081D0001BC65 /* Release */ = {
			isa = XCBuildConfiguration;
			buildSettings = {
				ALWAYS_SEARCH_USER_PATHS = NO;
				CLANG_ANALYZER_NONNULL = YES;
				CLANG_ANALYZER_NUMBER_OBJECT_CONVERSION = YES_AGGRESSIVE;
				CLANG_CXX_LANGUAGE_STANDARD = "gnu++14";
				CLANG_CXX_LIBRARY = "libc++";
				CLANG_ENABLE_MODULES = YES;
				CLANG_ENABLE_OBJC_ARC = YES;
				CLANG_ENABLE_OBJC_WEAK = YES;
				CLANG_WARN_BLOCK_CAPTURE_AUTORELEASING = YES;
				CLANG_WARN_BOOL_CONVERSION = YES;
				CLANG_WARN_COMMA = YES;
				CLANG_WARN_CONSTANT_CONVERSION = YES;
				CLANG_WARN_DEPRECATED_OBJC_IMPLEMENTATIONS = YES;
				CLANG_WARN_DIRECT_OBJC_ISA_USAGE = YES_ERROR;
				CLANG_WARN_DOCUMENTATION_COMMENTS = YES;
				CLANG_WARN_EMPTY_BODY = YES;
				CLANG_WARN_ENUM_CONVERSION = YES;
				CLANG_WARN_INFINITE_RECURSION = YES;
				CLANG_WARN_INT_CONVERSION = YES;
				CLANG_WARN_NON_LITERAL_NULL_CONVERSION = YES;
				CLANG_WARN_OBJC_IMPLICIT_RETAIN_SELF = YES;
				CLANG_WARN_OBJC_LITERAL_CONVERSION = YES;
				CLANG_WARN_OBJC_ROOT_CLASS = YES_ERROR;
				CLANG_WARN_QUOTED_INCLUDE_IN_FRAMEWORK_HEADER = YES;
				CLANG_WARN_RANGE_LOOP_ANALYSIS = YES;
				CLANG_WARN_STRICT_PROTOTYPES = YES;
				CLANG_WARN_SUSPICIOUS_MOVE = YES;
				CLANG_WARN_UNGUARDED_AVAILABILITY = YES_AGGRESSIVE;
				CLANG_WARN_UNREACHABLE_CODE = YES;
				CLANG_WARN__DUPLICATE_METHOD_MATCH = YES;
				COPY_PHASE_STRIP = NO;
				DEBUG_INFORMATION_FORMAT = "dwarf-with-dsym";
				ENABLE_NS_ASSERTIONS = NO;
				ENABLE_STRICT_OBJC_MSGSEND = YES;
				GCC_C_LANGUAGE_STANDARD = gnu11;
				GCC_NO_COMMON_BLOCKS = YES;
				GCC_WARN_64_TO_32_BIT_CONVERSION = YES;
				GCC_WARN_ABOUT_RETURN_TYPE = YES_ERROR;
				GCC_WARN_UNDECLARED_SELECTOR = YES;
				GCC_WARN_UNINITIALIZED_AUTOS = YES_AGGRESSIVE;
				GCC_WARN_UNUSED_FUNCTION = YES;
				GCC_WARN_UNUSED_VARIABLE = YES;
				IPHONEOS_DEPLOYMENT_TARGET = 14.4;
				MTL_ENABLE_DEBUG_INFO = NO;
				MTL_FAST_MATH = YES;
				SDKROOT = iphoneos;
				SWIFT_COMPILATION_MODE = wholemodule;
				SWIFT_OPTIMIZATION_LEVEL = "-O";
				VALIDATE_PRODUCT = YES;
			};
			name = Release;
		};
		ADC6A0B525BF081D0001BC65 /* Debug */ = {
			isa = XCBuildConfiguration;
			buildSettings = {
				ASSETCATALOG_COMPILER_APPICON_NAME = AppIcon;
				ASSETCATALOG_COMPILER_GLOBAL_ACCENT_COLOR_NAME = AccentColor;
				CODE_SIGN_STYLE = Automatic;
				DEVELOPMENT_ASSET_PATHS = "\"Evolva Cloud/Preview Content\"";
				DEVELOPMENT_TEAM = D6Z6GBS4J9;
				ENABLE_PREVIEWS = YES;
				INFOPLIST_FILE = "Evolva Cloud/Info.plist";
				IPHONEOS_DEPLOYMENT_TARGET = 14.0;
				LD_RUNPATH_SEARCH_PATHS = (
					"$(inherited)",
					"@executable_path/Frameworks",
				);
				PRODUCT_BUNDLE_IDENTIFIER = hr.evolva.cloud;
				PRODUCT_NAME = "$(TARGET_NAME)";
				SWIFT_VERSION = 5.0;
				TARGETED_DEVICE_FAMILY = "1,2";
			};
			name = Debug;
		};
		ADC6A0B625BF081D0001BC65 /* Release */ = {
			isa = XCBuildConfiguration;
			buildSettings = {
				ASSETCATALOG_COMPILER_APPICON_NAME = AppIcon;
				ASSETCATALOG_COMPILER_GLOBAL_ACCENT_COLOR_NAME = AccentColor;
				CODE_SIGN_STYLE = Automatic;
				DEVELOPMENT_ASSET_PATHS = "\"Evolva Cloud/Preview Content\"";
				DEVELOPMENT_TEAM = D6Z6GBS4J9;
				ENABLE_PREVIEWS = YES;
				INFOPLIST_FILE = "Evolva Cloud/Info.plist";
				IPHONEOS_DEPLOYMENT_TARGET = 14.0;
				LD_RUNPATH_SEARCH_PATHS = (
					"$(inherited)",
					"@executable_path/Frameworks",
				);
				PRODUCT_BUNDLE_IDENTIFIER = hr.evolva.cloud;
				PRODUCT_NAME = "$(TARGET_NAME)";
				SWIFT_VERSION = 5.0;
				TARGETED_DEVICE_FAMILY = "1,2";
			};
			name = Release;
		};
/* End XCBuildConfiguration section */

/* Begin XCConfigurationList section */
		ADC6A0A025BF081A0001BC65 /* Build configuration list for PBXProject "Evolva Cloud" */ = {
			isa = XCConfigurationList;
			buildConfigurations = (
				ADC6A0B225BF081D0001BC65 /* Debug */,
				ADC6A0B325BF081D0001BC65 /* Release */,
			);
			defaultConfigurationIsVisible = 0;
			defaultConfigurationName = Release;
		};
		ADC6A0B425BF081D0001BC65 /* Build configuration list for PBXNativeTarget "Evolva Cloud" */ = {
			isa = XCConfigurationList;
			buildConfigurations = (
				ADC6A0B525BF081D0001BC65 /* Debug */,
				ADC6A0B625BF081D0001BC65 /* Release */,
			);
			defaultConfigurationIsVisible = 0;
			defaultConfigurationName = Release;
		};
/* End XCConfigurationList section */
	};
	rootObject = ADC6A09D25BF081A0001BC65 /* Project object */;
}
