// !$*UTF8*$!
{
	archiveVersion = 1;
	classes = {
	};
	objectVersion = 50;
	objects = {

/* Begin PBXBuildFile section */
		AD1A24E22598B771007B32B8 /* SandwichDetail.swift in Sources */ = {isa = PBXBuildFile; fileRef = AD1A24E12598B771007B32B8 /* SandwichDetail.swift */; };
		AD1A24E32598B771007B32B8 /* SandwichDetail.swift in Sources */ = {isa = PBXBuildFile; fileRef = AD1A24E12598B771007B32B8 /* SandwichDetail.swift */; };
		AD1A24E72598C345007B32B8 /* SandwichStore.swift in Sources */ = {isa = PBXBuildFile; fileRef = AD1A24E62598C345007B32B8 /* SandwichStore.swift */; };
		AD1A24E82598C345007B32B8 /* SandwichStore.swift in Sources */ = {isa = PBXBuildFile; fileRef = AD1A24E62598C345007B32B8 /* SandwichStore.swift */; };
		ADE2E6082598A636000808D5 /* SandwichesApp.swift in Sources */ = {isa = PBXBuildFile; fileRef = ADE2E5F52598A634000808D5 /* SandwichesApp.swift */; };
		ADE2E6092598A636000808D5 /* SandwichesApp.swift in Sources */ = {isa = PBXBuildFile; fileRef = ADE2E5F52598A634000808D5 /* SandwichesApp.swift */; };
		ADE2E60A2598A636000808D5 /* ContentView.swift in Sources */ = {isa = PBXBuildFile; fileRef = ADE2E5F62598A634000808D5 /* ContentView.swift */; };
		ADE2E60B2598A636000808D5 /* ContentView.swift in Sources */ = {isa = PBXBuildFile; fileRef = ADE2E5F62598A634000808D5 /* ContentView.swift */; };
		ADE2E60C2598A636000808D5 /* Assets.xcassets in Resources */ = {isa = PBXBuildFile; fileRef = ADE2E5F72598A636000808D5 /* Assets.xcassets */; };
		ADE2E60D2598A636000808D5 /* Assets.xcassets in Resources */ = {isa = PBXBuildFile; fileRef = ADE2E5F72598A636000808D5 /* Assets.xcassets */; };
		ADE2E61A2598AC25000808D5 /* Sandwich.swift in Sources */ = {isa = PBXBuildFile; fileRef = ADE2E6182598AC24000808D5 /* Sandwich.swift */; };
		ADE2E61B2598AC25000808D5 /* Sandwich.swift in Sources */ = {isa = PBXBuildFile; fileRef = ADE2E6182598AC24000808D5 /* Sandwich.swift */; };
/* End PBXBuildFile section */

/* Begin PBXFileReference section */
		AD1A24E12598B771007B32B8 /* SandwichDetail.swift */ = {isa = PBXFileReference; lastKnownFileType = sourcecode.swift; path = SandwichDetail.swift; sourceTree = "<group>"; };
		AD1A24E62598C345007B32B8 /* SandwichStore.swift */ = {isa = PBXFileReference; lastKnownFileType = sourcecode.swift; path = SandwichStore.swift; sourceTree = "<group>"; };
		ADE2E5F52598A634000808D5 /* SandwichesApp.swift */ = {isa = PBXFileReference; lastKnownFileType = sourcecode.swift; path = SandwichesApp.swift; sourceTree = "<group>"; };
		ADE2E5F62598A634000808D5 /* ContentView.swift */ = {isa = PBXFileReference; lastKnownFileType = sourcecode.swift; path = ContentView.swift; sourceTree = "<group>"; };
		ADE2E5F72598A636000808D5 /* Assets.xcassets */ = {isa = PBXFileReference; lastKnownFileType = folder.assetcatalog; path = Assets.xcassets; sourceTree = "<group>"; };
		ADE2E5FC2598A636000808D5 /* Sandwiches.app */ = {isa = PBXFileReference; explicitFileType = wrapper.application; includeInIndex = 0; path = Sandwiches.app; sourceTree = BUILT_PRODUCTS_DIR; };
		ADE2E5FF2598A636000808D5 /* Info.plist */ = {isa = PBXFileReference; lastKnownFileType = text.plist.xml; path = Info.plist; sourceTree = "<group>"; };
		ADE2E6042598A636000808D5 /* Sandwiches.app */ = {isa = PBXFileReference; explicitFileType = wrapper.application; includeInIndex = 0; path = Sandwiches.app; sourceTree = BUILT_PRODUCTS_DIR; };
		ADE2E6062598A636000808D5 /* Info.plist */ = {isa = PBXFileReference; lastKnownFileType = text.plist.xml; path = Info.plist; sourceTree = "<group>"; };
		ADE2E6072598A636000808D5 /* macOS.entitlements */ = {isa = PBXFileReference; lastKnownFileType = text.plist.entitlements; path = macOS.entitlements; sourceTree = "<group>"; };
		ADE2E6182598AC24000808D5 /* Sandwich.swift */ = {isa = PBXFileReference; fileEncoding = 4; lastKnownFileType = sourcecode.swift; path = Sandwich.swift; sourceTree = "<group>"; };
/* End PBXFileReference section */

/* Begin PBXFrameworksBuildPhase section */
		ADE2E5F92598A636000808D5 /* Frameworks */ = {
			isa = PBXFrameworksBuildPhase;
			buildActionMask = 2147483647;
			files = (
			);
			runOnlyForDeploymentPostprocessing = 0;
		};
		ADE2E6012598A636000808D5 /* Frameworks */ = {
			isa = PBXFrameworksBuildPhase;
			buildActionMask = 2147483647;
			files = (
			);
			runOnlyForDeploymentPostprocessing = 0;
		};
/* End PBXFrameworksBuildPhase section */

/* Begin PBXGroup section */
		ADE2E5EF2598A634000808D5 = {
			isa = PBXGroup;
			children = (
				ADE2E5F42598A634000808D5 /* Shared */,
				ADE2E5FE2598A636000808D5 /* iOS */,
				ADE2E6052598A636000808D5 /* macOS */,
				ADE2E5FD2598A636000808D5 /* Products */,
			);
			sourceTree = "<group>";
		};
		ADE2E5F42598A634000808D5 /* Shared */ = {
			isa = PBXGroup;
			children = (
				ADE2E5F52598A634000808D5 /* SandwichesApp.swift */,
				ADE2E5F62598A634000808D5 /* ContentView.swift */,
				AD1A24E62598C345007B32B8 /* SandwichStore.swift */,
				AD1A24E12598B771007B32B8 /* SandwichDetail.swift */,
				ADE2E6182598AC24000808D5 /* Sandwich.swift */,
				ADE2E5F72598A636000808D5 /* Assets.xcassets */,
			);
			path = Shared;
			sourceTree = "<group>";
		};
		ADE2E5FD2598A636000808D5 /* Products */ = {
			isa = PBXGroup;
			children = (
				ADE2E5FC2598A636000808D5 /* Sandwiches.app */,
				ADE2E6042598A636000808D5 /* Sandwiches.app */,
			);
			name = Products;
			sourceTree = "<group>";
		};
		ADE2E5FE2598A636000808D5 /* iOS */ = {
			isa = PBXGroup;
			children = (
				ADE2E5FF2598A636000808D5 /* Info.plist */,
			);
			path = iOS;
			sourceTree = "<group>";
		};
		ADE2E6052598A636000808D5 /* macOS */ = {
			isa = PBXGroup;
			children = (
				ADE2E6062598A636000808D5 /* Info.plist */,
				ADE2E6072598A636000808D5 /* macOS.entitlements */,
			);
			path = macOS;
			sourceTree = "<group>";
		};
/* End PBXGroup section */

/* Begin PBXNativeTarget section */
		ADE2E5FB2598A636000808D5 /* Sandwiches (iOS) */ = {
			isa = PBXNativeTarget;
			buildConfigurationList = ADE2E6102598A636000808D5 /* Build configuration list for PBXNativeTarget "Sandwiches (iOS)" */;
			buildPhases = (
				ADE2E5F82598A636000808D5 /* Sources */,
				ADE2E5F92598A636000808D5 /* Frameworks */,
				ADE2E5FA2598A636000808D5 /* Resources */,
			);
			buildRules = (
			);
			dependencies = (
			);
			name = "Sandwiches (iOS)";
			productName = "Sandwiches (iOS)";
			productReference = ADE2E5FC2598A636000808D5 /* Sandwiches.app */;
			productType = "com.apple.product-type.application";
		};
		ADE2E6032598A636000808D5 /* Sandwiches (macOS) */ = {
			isa = PBXNativeTarget;
			buildConfigurationList = ADE2E6132598A636000808D5 /* Build configuration list for PBXNativeTarget "Sandwiches (macOS)" */;
			buildPhases = (
				ADE2E6002598A636000808D5 /* Sources */,
				ADE2E6012598A636000808D5 /* Frameworks */,
				ADE2E6022598A636000808D5 /* Resources */,
			);
			buildRules = (
			);
			dependencies = (
			);
			name = "Sandwiches (macOS)";
			productName = "Sandwiches (macOS)";
			productReference = ADE2E6042598A636000808D5 /* Sandwiches.app */;
			productType = "com.apple.product-type.application";
		};
/* End PBXNativeTarget section */

/* Begin PBXProject section */
		ADE2E5F02598A634000808D5 /* Project object */ = {
			isa = PBXProject;
			attributes = {
				LastSwiftUpdateCheck = 1230;
				LastUpgradeCheck = 1230;
				TargetAttributes = {
					ADE2E5FB2598A636000808D5 = {
						CreatedOnToolsVersion = 12.3;
					};
					ADE2E6032598A636000808D5 = {
						CreatedOnToolsVersion = 12.3;
					};
				};
			};
			buildConfigurationList = ADE2E5F32598A634000808D5 /* Build configuration list for PBXProject "Sandwiches" */;
			compatibilityVersion = "Xcode 9.3";
			developmentRegion = en;
			hasScannedForEncodings = 0;
			knownRegions = (
				en,
				Base,
			);
			mainGroup = ADE2E5EF2598A634000808D5;
			productRefGroup = ADE2E5FD2598A636000808D5 /* Products */;
			projectDirPath = "";
			projectRoot = "";
			targets = (
				ADE2E5FB2598A636000808D5 /* Sandwiches (iOS) */,
				ADE2E6032598A636000808D5 /* Sandwiches (macOS) */,
			);
		};
/* End PBXProject section */

/* Begin PBXResourcesBuildPhase section */
		ADE2E5FA2598A636000808D5 /* Resources */ = {
			isa = PBXResourcesBuildPhase;
			buildActionMask = 2147483647;
			files = (
				ADE2E60C2598A636000808D5 /* Assets.xcassets in Resources */,
			);
			runOnlyForDeploymentPostprocessing = 0;
		};
		ADE2E6022598A636000808D5 /* Resources */ = {
			isa = PBXResourcesBuildPhase;
			buildActionMask = 2147483647;
			files = (
				ADE2E60D2598A636000808D5 /* Assets.xcassets in Resources */,
			);
			runOnlyForDeploymentPostprocessing = 0;
		};
/* End PBXResourcesBuildPhase section */

/* Begin PBXSourcesBuildPhase section */
		ADE2E5F82598A636000808D5 /* Sources */ = {
			isa = PBXSourcesBuildPhase;
			buildActionMask = 2147483647;
			files = (
				AD1A24E72598C345007B32B8 /* SandwichStore.swift in Sources */,
				ADE2E60A2598A636000808D5 /* ContentView.swift in Sources */,
				ADE2E6082598A636000808D5 /* SandwichesApp.swift in Sources */,
				ADE2E61A2598AC25000808D5 /* Sandwich.swift in Sources */,
				AD1A24E22598B771007B32B8 /* SandwichDetail.swift in Sources */,
			);
			runOnlyForDeploymentPostprocessing = 0;
		};
		ADE2E6002598A636000808D5 /* Sources */ = {
			isa = PBXSourcesBuildPhase;
			buildActionMask = 2147483647;
			files = (
				AD1A24E82598C345007B32B8 /* SandwichStore.swift in Sources */,
				ADE2E60B2598A636000808D5 /* ContentView.swift in Sources */,
				ADE2E6092598A636000808D5 /* SandwichesApp.swift in Sources */,
				ADE2E61B2598AC25000808D5 /* Sandwich.swift in Sources */,
				AD1A24E32598B771007B32B8 /* SandwichDetail.swift in Sources */,
			);
			runOnlyForDeploymentPostprocessing = 0;
		};
/* End PBXSourcesBuildPhase section */

/* Begin XCBuildConfiguration section */
		ADE2E60E2598A636000808D5 /* Debug */ = {
			isa = XCBuildConfiguration;
			buildSettings = {
				ALWAYS_SEARCH_USER_PATHS = NO;
				CLANG_ANALYZER_NONNULL = YES;
				CLANG_ANALYZER_NUMBER_OBJECT_CONVERSION = YES_AGGRESSIVE;
				CLANG_CXX_LANGUAGE_STANDARD = "gnu++14";
				CLANG_CXX_LIBRARY = "libc++";
				CLANG_ENABLE_MODULES = YES;
				CLANG_ENABLE_OBJC_ARC = YES;
				CLANG_ENABLE_OBJC_WEAK = YES;
				CLANG_WARN_BLOCK_CAPTURE_AUTORELEASING = YES;
				CLANG_WARN_BOOL_CONVERSION = YES;
				CLANG_WARN_COMMA = YES;
				CLANG_WARN_CONSTANT_CONVERSION = YES;
				CLANG_WARN_DEPRECATED_OBJC_IMPLEMENTATIONS = YES;
				CLANG_WARN_DIRECT_OBJC_ISA_USAGE = YES_ERROR;
				CLANG_WARN_DOCUMENTATION_COMMENTS = YES;
				CLANG_WARN_EMPTY_BODY = YES;
				CLANG_WARN_ENUM_CONVERSION = YES;
				CLANG_WARN_INFINITE_RECURSION = YES;
				CLANG_WARN_INT_CONVERSION = YES;
				CLANG_WARN_NON_LITERAL_NULL_CONVERSION = YES;
				CLANG_WARN_OBJC_IMPLICIT_RETAIN_SELF = YES;
				CLANG_WARN_OBJC_LITERAL_CONVERSION = YES;
				CLANG_WARN_OBJC_ROOT_CLASS = YES_ERROR;
				CLANG_WARN_QUOTED_INCLUDE_IN_FRAMEWORK_HEADER = YES;
				CLANG_WARN_RANGE_LOOP_ANALYSIS = YES;
				CLANG_WARN_STRICT_PROTOTYPES = YES;
				CLANG_WARN_SUSPICIOUS_MOVE = YES;
				CLANG_WARN_UNGUARDED_AVAILABILITY = YES_AGGRESSIVE;
				CLANG_WARN_UNREACHABLE_CODE = YES;
				CLANG_WARN__DUPLICATE_METHOD_MATCH = YES;
				COPY_PHASE_STRIP = NO;
				DEBUG_INFORMATION_FORMAT = dwarf;
				ENABLE_STRICT_OBJC_MSGSEND = YES;
				ENABLE_TESTABILITY = YES;
				GCC_C_LANGUAGE_STANDARD = gnu11;
				GCC_DYNAMIC_NO_PIC = NO;
				GCC_NO_COMMON_BLOCKS = YES;
				GCC_OPTIMIZATION_LEVEL = 0;
				GCC_PREPROCESSOR_DEFINITIONS = (
					"DEBUG=1",
					"$(inherited)",
				);
				GCC_WARN_64_TO_32_BIT_CONVERSION = YES;
				GCC_WARN_ABOUT_RETURN_TYPE = YES_ERROR;
				GCC_WARN_UNDECLARED_SELECTOR = YES;
				GCC_WARN_UNINITIALIZED_AUTOS = YES_AGGRESSIVE;
				GCC_WARN_UNUSED_FUNCTION = YES;
				GCC_WARN_UNUSED_VARIABLE = YES;
				MTL_ENABLE_DEBUG_INFO = INCLUDE_SOURCE;
				MTL_FAST_MATH = YES;
				ONLY_ACTIVE_ARCH = YES;
				SWIFT_ACTIVE_COMPILATION_CONDITIONS = DEBUG;
				SWIFT_OPTIMIZATION_LEVEL = "-Onone";
			};
			name = Debug;
		};
		ADE2E60F2598A636000808D5 /* Release */ = {
			isa = XCBuildConfiguration;
			buildSettings = {
				ALWAYS_SEARCH_USER_PATHS = NO;
				CLANG_ANALYZER_NONNULL = YES;
				CLANG_ANALYZER_NUMBER_OBJECT_CONVERSION = YES_AGGRESSIVE;
				CLANG_CXX_LANGUAGE_STANDARD = "gnu++14";
				CLANG_CXX_LIBRARY = "libc++";
				CLANG_ENABLE_MODULES = YES;
				CLANG_ENABLE_OBJC_ARC = YES;
				CLANG_ENABLE_OBJC_WEAK = YES;
				CLANG_WARN_BLOCK_CAPTURE_AUTORELEASING = YES;
				CLANG_WARN_BOOL_CONVERSION = YES;
				CLANG_WARN_COMMA = YES;
				CLANG_WARN_CONSTANT_CONVERSION = YES;
				CLANG_WARN_DEPRECATED_OBJC_IMPLEMENTATIONS = YES;
				CLANG_WARN_DIRECT_OBJC_ISA_USAGE = YES_ERROR;
				CLANG_WARN_DOCUMENTATION_COMMENTS = YES;
				CLANG_WARN_EMPTY_BODY = YES;
				CLANG_WARN_ENUM_CONVERSION = YES;
				CLANG_WARN_INFINITE_RECURSION = YES;
				CLANG_WARN_INT_CONVERSION = YES;
				CLANG_WARN_NON_LITERAL_NULL_CONVERSION = YES;
				CLANG_WARN_OBJC_IMPLICIT_RETAIN_SELF = YES;
				CLANG_WARN_OBJC_LITERAL_CONVERSION = YES;
				CLANG_WARN_OBJC_ROOT_CLASS = YES_ERROR;
				CLANG_WARN_QUOTED_INCLUDE_IN_FRAMEWORK_HEADER = YES;
				CLANG_WARN_RANGE_LOOP_ANALYSIS = YES;
				CLANG_WARN_STRICT_PROTOTYPES = YES;
				CLANG_WARN_SUSPICIOUS_MOVE = YES;
				CLANG_WARN_UNGUARDED_AVAILABILITY = YES_AGGRESSIVE;
				CLANG_WARN_UNREACHABLE_CODE = YES;
				CLANG_WARN__DUPLICATE_METHOD_MATCH = YES;
				COPY_PHASE_STRIP = NO;
				DEBUG_INFORMATION_FORMAT = "dwarf-with-dsym";
				ENABLE_NS_ASSERTIONS = NO;
				ENABLE_STRICT_OBJC_MSGSEND = YES;
				GCC_C_LANGUAGE_STANDARD = gnu11;
				GCC_NO_COMMON_BLOCKS = YES;
				GCC_WARN_64_TO_32_BIT_CONVERSION = YES;
				GCC_WARN_ABOUT_RETURN_TYPE = YES_ERROR;
				GCC_WARN_UNDECLARED_SELECTOR = YES;
				GCC_WARN_UNINITIALIZED_AUTOS = YES_AGGRESSIVE;
				GCC_WARN_UNUSED_FUNCTION = YES;
				GCC_WARN_UNUSED_VARIABLE = YES;
				MTL_ENABLE_DEBUG_INFO = NO;
				MTL_FAST_MATH = YES;
				SWIFT_COMPILATION_MODE = wholemodule;
				SWIFT_OPTIMIZATION_LEVEL = "-O";
			};
			name = Release;
		};
		ADE2E6112598A636000808D5 /* Debug */ = {
			isa = XCBuildConfiguration;
			buildSettings = {
				ASSETCATALOG_COMPILER_APPICON_NAME = AppIcon;
				ASSETCATALOG_COMPILER_GLOBAL_ACCENT_COLOR_NAME = AccentColor;
				CODE_SIGN_STYLE = Automatic;
				DEVELOPMENT_TEAM = D6Z6GBS4J9;
				ENABLE_PREVIEWS = YES;
				INFOPLIST_FILE = iOS/Info.plist;
				IPHONEOS_DEPLOYMENT_TARGET = 14.0;
				LD_RUNPATH_SEARCH_PATHS = (
					"$(inherited)",
					"@executable_path/Frameworks",
				);
				PRODUCT_BUNDLE_IDENTIFIER = com.markokramar.Sandwiches;
				PRODUCT_NAME = Sandwiches;
				SDKROOT = iphoneos;
				SWIFT_VERSION = 5.0;
				TARGETED_DEVICE_FAMILY = "1,2";
			};
			name = Debug;
		};
		ADE2E6122598A636000808D5 /* Release */ = {
			isa = XCBuildConfiguration;
			buildSettings = {
				ASSETCATALOG_COMPILER_APPICON_NAME = AppIcon;
				ASSETCATALOG_COMPILER_GLOBAL_ACCENT_COLOR_NAME = AccentColor;
				CODE_SIGN_STYLE = Automatic;
				DEVELOPMENT_TEAM = D6Z6GBS4J9;
				ENABLE_PREVIEWS = YES;
				INFOPLIST_FILE = iOS/Info.plist;
				IPHONEOS_DEPLOYMENT_TARGET = 14.0;
				LD_RUNPATH_SEARCH_PATHS = (
					"$(inherited)",
					"@executable_path/Frameworks",
				);
				PRODUCT_BUNDLE_IDENTIFIER = com.markokramar.Sandwiches;
				PRODUCT_NAME = Sandwiches;
				SDKROOT = iphoneos;
				SWIFT_VERSION = 5.0;
				TARGETED_DEVICE_FAMILY = "1,2";
				VALIDATE_PRODUCT = YES;
			};
			name = Release;
		};
		ADE2E6142598A636000808D5 /* Debug */ = {
			isa = XCBuildConfiguration;
			buildSettings = {
				ASSETCATALOG_COMPILER_APPICON_NAME = AppIcon;
				ASSETCATALOG_COMPILER_GLOBAL_ACCENT_COLOR_NAME = AccentColor;
				CODE_SIGN_ENTITLEMENTS = macOS/macOS.entitlements;
				CODE_SIGN_STYLE = Automatic;
				COMBINE_HIDPI_IMAGES = YES;
				DEVELOPMENT_TEAM = D6Z6GBS4J9;
				ENABLE_HARDENED_RUNTIME = YES;
				ENABLE_PREVIEWS = YES;
				INFOPLIST_FILE = macOS/Info.plist;
				LD_RUNPATH_SEARCH_PATHS = (
					"$(inherited)",
					"@executable_path/../Frameworks",
				);
				MACOSX_DEPLOYMENT_TARGET = 11.0;
				PRODUCT_BUNDLE_IDENTIFIER = com.markokramar.Sandwiches;
				PRODUCT_NAME = Sandwiches;
				SDKROOT = macosx;
				SWIFT_VERSION = 5.0;
			};
			name = Debug;
		};
		ADE2E6152598A636000808D5 /* Release */ = {
			isa = XCBuildConfiguration;
			buildSettings = {
				ASSETCATALOG_COMPILER_APPICON_NAME = AppIcon;
				ASSETCATALOG_COMPILER_GLOBAL_ACCENT_COLOR_NAME = AccentColor;
				CODE_SIGN_ENTITLEMENTS = macOS/macOS.entitlements;
				CODE_SIGN_STYLE = Automatic;
				COMBINE_HIDPI_IMAGES = YES;
				DEVELOPMENT_TEAM = D6Z6GBS4J9;
				ENABLE_HARDENED_RUNTIME = YES;
				ENABLE_PREVIEWS = YES;
				INFOPLIST_FILE = macOS/Info.plist;
				LD_RUNPATH_SEARCH_PATHS = (
					"$(inherited)",
					"@executable_path/../Frameworks",
				);
				MACOSX_DEPLOYMENT_TARGET = 11.0;
				PRODUCT_BUNDLE_IDENTIFIER = com.markokramar.Sandwiches;
				PRODUCT_NAME = Sandwiches;
				SDKROOT = macosx;
				SWIFT_VERSION = 5.0;
			};
			name = Release;
		};
/* End XCBuildConfiguration section */

/* Begin XCConfigurationList section */
		ADE2E5F32598A634000808D5 /* Build configuration list for PBXProject "Sandwiches" */ = {
			isa = XCConfigurationList;
			buildConfigurations = (
				ADE2E60E2598A636000808D5 /* Debug */,
				ADE2E60F2598A636000808D5 /* Release */,
			);
			defaultConfigurationIsVisible = 0;
			defaultConfigurationName = Release;
		};
		ADE2E6102598A636000808D5 /* Build configuration list for PBXNativeTarget "Sandwiches (iOS)" */ = {
			isa = XCConfigurationList;
			buildConfigurations = (
				ADE2E6112598A636000808D5 /* Debug */,
				ADE2E6122598A636000808D5 /* Release */,
			);
			defaultConfigurationIsVisible = 0;
			defaultConfigurationName = Release;
		};
		ADE2E6132598A636000808D5 /* Build configuration list for PBXNativeTarget "Sandwiches (macOS)" */ = {
			isa = XCConfigurationList;
			buildConfigurations = (
				ADE2E6142598A636000808D5 /* Debug */,
				ADE2E6152598A636000808D5 /* Release */,
			);
			defaultConfigurationIsVisible = 0;
			defaultConfigurationName = Release;
		};
/* End XCConfigurationList section */
	};
	rootObject = ADE2E5F02598A634000808D5 /* Project object */;
}
