// !$*UTF8*$!
{
	archiveVersion = 1;
	classes = {
	};
	objectVersion = 50;
	objects = {

/* Begin PBXBuildFile section */
		B502ADE62496308200A82BBB /* AppDelegate.swift in Sources */ = {isa = PBXBuildFile; fileRef = B502ADE52496308200A82BBB /* AppDelegate.swift */; };
		B502ADE82496308200A82BBB /* SceneDelegate.swift in Sources */ = {isa = PBXBuildFile; fileRef = B502ADE72496308200A82BBB /* SceneDelegate.swift */; };
		B502ADEA2496308200A82BBB /* ContentView.swift in Sources */ = {isa = PBXBuildFile; fileRef = B502ADE92496308200A82BBB /* ContentView.swift */; };
		B502ADEC2496308500A82BBB /* Assets.xcassets in Resources */ = {isa = PBXBuildFile; fileRef = B502ADEB2496308500A82BBB /* Assets.xcassets */; };
		B502ADEF2496308500A82BBB /* Preview Assets.xcassets in Resources */ = {isa = PBXBuildFile; fileRef = B502ADEE2496308500A82BBB /* Preview Assets.xcassets */; };
		B502ADF22496308500A82BBB /* LaunchScreen.storyboard in Resources */ = {isa = PBXBuildFile; fileRef = B502ADF02496308500A82BBB /* LaunchScreen.storyboard */; };
		B502ADFA2496312300A82BBB /* MemoryGame.swift in Sources */ = {isa = PBXBuildFile; fileRef = B502ADF92496312300A82BBB /* MemoryGame.swift */; };
		B502ADFC249632A500A82BBB /* EmojiMemoryGame.swift in Sources */ = {isa = PBXBuildFile; fileRef = B502ADFB249632A500A82BBB /* EmojiMemoryGame.swift */; };
/* End PBXBuildFile section */

/* Begin PBXFileReference section */
		B502ADE22496308200A82BBB /* Memorize_retyped.app */ = {isa = PBXFileReference; explicitFileType = wrapper.application; includeInIndex = 0; path = Memorize_retyped.app; sourceTree = BUILT_PRODUCTS_DIR; };
		B502ADE52496308200A82BBB /* AppDelegate.swift */ = {isa = PBXFileReference; lastKnownFileType = sourcecode.swift; path = AppDelegate.swift; sourceTree = "<group>"; };
		B502ADE72496308200A82BBB /* SceneDelegate.swift */ = {isa = PBXFileReference; lastKnownFileType = sourcecode.swift; path = SceneDelegate.swift; sourceTree = "<group>"; };
		B502ADE92496308200A82BBB /* ContentView.swift */ = {isa = PBXFileReference; lastKnownFileType = sourcecode.swift; path = ContentView.swift; sourceTree = "<group>"; };
		B502ADEB2496308500A82BBB /* Assets.xcassets */ = {isa = PBXFileReference; lastKnownFileType = folder.assetcatalog; path = Assets.xcassets; sourceTree = "<group>"; };
		B502ADEE2496308500A82BBB /* Preview Assets.xcassets */ = {isa = PBXFileReference; lastKnownFileType = folder.assetcatalog; path = "Preview Assets.xcassets"; sourceTree = "<group>"; };
		B502ADF12496308500A82BBB /* Base */ = {isa = PBXFileReference; lastKnownFileType = file.storyboard; name = Base; path = Base.lproj/LaunchScreen.storyboard; sourceTree = "<group>"; };
		B502ADF32496308500A82BBB /* Info.plist */ = {isa = PBXFileReference; lastKnownFileType = text.plist.xml; path = Info.plist; sourceTree = "<group>"; };
		B502ADF92496312300A82BBB /* MemoryGame.swift */ = {isa = PBXFileReference; lastKnownFileType = sourcecode.swift; path = MemoryGame.swift; sourceTree = SOURCE_ROOT; };
		B502ADFB249632A500A82BBB /* EmojiMemoryGame.swift */ = {isa = PBXFileReference; lastKnownFileType = sourcecode.swift; path = EmojiMemoryGame.swift; sourceTree = "<group>"; };
/* End PBXFileReference section */

/* Begin PBXFrameworksBuildPhase section */
		B502ADDF2496308200A82BBB /* Frameworks */ = {
			isa = PBXFrameworksBuildPhase;
			buildActionMask = 2147483647;
			files = (
			);
			runOnlyForDeploymentPostprocessing = 0;
		};
/* End PBXFrameworksBuildPhase section */

/* Begin PBXGroup section */
		B502ADD92496308200A82BBB = {
			isa = PBXGroup;
			children = (
				B502ADE42496308200A82BBB /* Memorize_retyped */,
				B502ADE32496308200A82BBB /* Products */,
			);
			sourceTree = "<group>";
		};
		B502ADE32496308200A82BBB /* Products */ = {
			isa = PBXGroup;
			children = (
				B502ADE22496308200A82BBB /* Memorize_retyped.app */,
			);
			name = Products;
			sourceTree = "<group>";
		};
		B502ADE42496308200A82BBB /* Memorize_retyped */ = {
			isa = PBXGroup;
			children = (
				B502ADF92496312300A82BBB /* MemoryGame.swift */,
				B502ADFB249632A500A82BBB /* EmojiMemoryGame.swift */,
				B502ADE52496308200A82BBB /* AppDelegate.swift */,
				B502ADE72496308200A82BBB /* SceneDelegate.swift */,
				B502ADE92496308200A82BBB /* ContentView.swift */,
				B502ADEB2496308500A82BBB /* Assets.xcassets */,
				B502ADF02496308500A82BBB /* LaunchScreen.storyboard */,
				B502ADF32496308500A82BBB /* Info.plist */,
				B502ADED2496308500A82BBB /* Preview Content */,
			);
			path = Memorize_retyped;
			sourceTree = "<group>";
		};
		B502ADED2496308500A82BBB /* Preview Content */ = {
			isa = PBXGroup;
			children = (
				B502ADEE2496308500A82BBB /* Preview Assets.xcassets */,
			);
			path = "Preview Content";
			sourceTree = "<group>";
		};
/* End PBXGroup section */

/* Begin PBXNativeTarget section */
		B502ADE12496308200A82BBB /* Memorize_retyped */ = {
			isa = PBXNativeTarget;
			buildConfigurationList = B502ADF62496308500A82BBB /* Build configuration list for PBXNativeTarget "Memorize_retyped" */;
			buildPhases = (
				B502ADDE2496308200A82BBB /* Sources */,
				B502ADDF2496308200A82BBB /* Frameworks */,
				B502ADE02496308200A82BBB /* Resources */,
			);
			buildRules = (
			);
			dependencies = (
			);
			name = Memorize_retyped;
			productName = Memorize_retyped;
			productReference = B502ADE22496308200A82BBB /* Memorize_retyped.app */;
			productType = "com.apple.product-type.application";
		};
/* End PBXNativeTarget section */

/* Begin PBXProject section */
		B502ADDA2496308200A82BBB /* Project object */ = {
			isa = PBXProject;
			attributes = {
				LastSwiftUpdateCheck = 1150;
				LastUpgradeCheck = 1150;
				ORGANIZATIONNAME = "Marko Kramar";
				TargetAttributes = {
					B502ADE12496308200A82BBB = {
						CreatedOnToolsVersion = 11.5;
					};
				};
			};
			buildConfigurationList = B502ADDD2496308200A82BBB /* Build configuration list for PBXProject "Memorize_retyped" */;
			compatibilityVersion = "Xcode 9.3";
			developmentRegion = en;
			hasScannedForEncodings = 0;
			knownRegions = (
				en,
				Base,
			);
			mainGroup = B502ADD92496308200A82BBB;
			productRefGroup = B502ADE32496308200A82BBB /* Products */;
			projectDirPath = "";
			projectRoot = "";
			targets = (
				B502ADE12496308200A82BBB /* Memorize_retyped */,
			);
		};
/* End PBXProject section */

/* Begin PBXResourcesBuildPhase section */
		B502ADE02496308200A82BBB /* Resources */ = {
			isa = PBXResourcesBuildPhase;
			buildActionMask = 2147483647;
			files = (
				B502ADF22496308500A82BBB /* LaunchScreen.storyboard in Resources */,
				B502ADEF2496308500A82BBB /* Preview Assets.xcassets in Resources */,
				B502ADEC2496308500A82BBB /* Assets.xcassets in Resources */,
			);
			runOnlyForDeploymentPostprocessing = 0;
		};
/* End PBXResourcesBuildPhase section */

/* Begin PBXSourcesBuildPhase section */
		B502ADDE2496308200A82BBB /* Sources */ = {
			isa = PBXSourcesBuildPhase;
			buildActionMask = 2147483647;
			files = (
				B502ADE62496308200A82BBB /* AppDelegate.swift in Sources */,
				B502ADE82496308200A82BBB /* SceneDelegate.swift in Sources */,
				B502ADFA2496312300A82BBB /* MemoryGame.swift in Sources */,
				B502ADEA2496308200A82BBB /* ContentView.swift in Sources */,
				B502ADFC249632A500A82BBB /* EmojiMemoryGame.swift in Sources */,
			);
			runOnlyForDeploymentPostprocessing = 0;
		};
/* End PBXSourcesBuildPhase section */

/* Begin PBXVariantGroup section */
		B502ADF02496308500A82BBB /* LaunchScreen.storyboard */ = {
			isa = PBXVariantGroup;
			children = (
				B502ADF12496308500A82BBB /* Base */,
			);
			name = LaunchScreen.storyboard;
			sourceTree = "<group>";
		};
/* End PBXVariantGroup section */

/* Begin XCBuildConfiguration section */
		B502ADF42496308500A82BBB /* Debug */ = {
			isa = XCBuildConfiguration;
			buildSettings = {
				ALWAYS_SEARCH_USER_PATHS = NO;
				CLANG_ANALYZER_NONNULL = YES;
				CLANG_ANALYZER_NUMBER_OBJECT_CONVERSION = YES_AGGRESSIVE;
				CLANG_CXX_LANGUAGE_STANDARD = "gnu++14";
				CLANG_CXX_LIBRARY = "libc++";
				CLANG_ENABLE_MODULES = YES;
				CLANG_ENABLE_OBJC_ARC = YES;
				CLANG_ENABLE_OBJC_WEAK = YES;
				CLANG_WARN_BLOCK_CAPTURE_AUTORELEASING = YES;
				CLANG_WARN_BOOL_CONVERSION = YES;
				CLANG_WARN_COMMA = YES;
				CLANG_WARN_CONSTANT_CONVERSION = YES;
				CLANG_WARN_DEPRECATED_OBJC_IMPLEMENTATIONS = YES;
				CLANG_WARN_DIRECT_OBJC_ISA_USAGE = YES_ERROR;
				CLANG_WARN_DOCUMENTATION_COMMENTS = YES;
				CLANG_WARN_EMPTY_BODY = YES;
				CLANG_WARN_ENUM_CONVERSION = YES;
				CLANG_WARN_INFINITE_RECURSION = YES;
				CLANG_WARN_INT_CONVERSION = YES;
				CLANG_WARN_NON_LITERAL_NULL_CONVERSION = YES;
				CLANG_WARN_OBJC_IMPLICIT_RETAIN_SELF = YES;
				CLANG_WARN_OBJC_LITERAL_CONVERSION = YES;
				CLANG_WARN_OBJC_ROOT_CLASS = YES_ERROR;
				CLANG_WARN_RANGE_LOOP_ANALYSIS = YES;
				CLANG_WARN_STRICT_PROTOTYPES = YES;
				CLANG_WARN_SUSPICIOUS_MOVE = YES;
				CLANG_WARN_UNGUARDED_AVAILABILITY = YES_AGGRESSIVE;
				CLANG_WARN_UNREACHABLE_CODE = YES;
				CLANG_WARN__DUPLICATE_METHOD_MATCH = YES;
				COPY_PHASE_STRIP = NO;
				DEBUG_INFORMATION_FORMAT = dwarf;
				ENABLE_STRICT_OBJC_MSGSEND = YES;
				ENABLE_TESTABILITY = YES;
				GCC_C_LANGUAGE_STANDARD = gnu11;
				GCC_DYNAMIC_NO_PIC = NO;
				GCC_NO_COMMON_BLOCKS = YES;
				GCC_OPTIMIZATION_LEVEL = 0;
				GCC_PREPROCESSOR_DEFINITIONS = (
					"DEBUG=1",
					"$(inherited)",
				);
				GCC_WARN_64_TO_32_BIT_CONVERSION = YES;
				GCC_WARN_ABOUT_RETURN_TYPE = YES_ERROR;
				GCC_WARN_UNDECLARED_SELECTOR = YES;
				GCC_WARN_UNINITIALIZED_AUTOS = YES_AGGRESSIVE;
				GCC_WARN_UNUSED_FUNCTION = YES;
				GCC_WARN_UNUSED_VARIABLE = YES;
				IPHONEOS_DEPLOYMENT_TARGET = 13.5;
				MTL_ENABLE_DEBUG_INFO = INCLUDE_SOURCE;
				MTL_FAST_MATH = YES;
				ONLY_ACTIVE_ARCH = YES;
				SDKROOT = iphoneos;
				SWIFT_ACTIVE_COMPILATION_CONDITIONS = DEBUG;
				SWIFT_OPTIMIZATION_LEVEL = "-Onone";
			};
			name = Debug;
		};
		B502ADF52496308500A82BBB /* Release */ = {
			isa = XCBuildConfiguration;
			buildSettings = {
				ALWAYS_SEARCH_USER_PATHS = NO;
				CLANG_ANALYZER_NONNULL = YES;
				CLANG_ANALYZER_NUMBER_OBJECT_CONVERSION = YES_AGGRESSIVE;
				CLANG_CXX_LANGUAGE_STANDARD = "gnu++14";
				CLANG_CXX_LIBRARY = "libc++";
				CLANG_ENABLE_MODULES = YES;
				CLANG_ENABLE_OBJC_ARC = YES;
				CLANG_ENABLE_OBJC_WEAK = YES;
				CLANG_WARN_BLOCK_CAPTURE_AUTORELEASING = YES;
				CLANG_WARN_BOOL_CONVERSION = YES;
				CLANG_WARN_COMMA = YES;
				CLANG_WARN_CONSTANT_CONVERSION = YES;
				CLANG_WARN_DEPRECATED_OBJC_IMPLEMENTATIONS = YES;
				CLANG_WARN_DIRECT_OBJC_ISA_USAGE = YES_ERROR;
				CLANG_WARN_DOCUMENTATION_COMMENTS = YES;
				CLANG_WARN_EMPTY_BODY = YES;
				CLANG_WARN_ENUM_CONVERSION = YES;
				CLANG_WARN_INFINITE_RECURSION = YES;
				CLANG_WARN_INT_CONVERSION = YES;
				CLANG_WARN_NON_LITERAL_NULL_CONVERSION = YES;
				CLANG_WARN_OBJC_IMPLICIT_RETAIN_SELF = YES;
				CLANG_WARN_OBJC_LITERAL_CONVERSION = YES;
				CLANG_WARN_OBJC_ROOT_CLASS = YES_ERROR;
				CLANG_WARN_RANGE_LOOP_ANALYSIS = YES;
				CLANG_WARN_STRICT_PROTOTYPES = YES;
				CLANG_WARN_SUSPICIOUS_MOVE = YES;
				CLANG_WARN_UNGUARDED_AVAILABILITY = YES_AGGRESSIVE;
				CLANG_WARN_UNREACHABLE_CODE = YES;
				CLANG_WARN__DUPLICATE_METHOD_MATCH = YES;
				COPY_PHASE_STRIP = NO;
				DEBUG_INFORMATION_FORMAT = "dwarf-with-dsym";
				ENABLE_NS_ASSERTIONS = NO;
				ENABLE_STRICT_OBJC_MSGSEND = YES;
				GCC_C_LANGUAGE_STANDARD = gnu11;
				GCC_NO_COMMON_BLOCKS = YES;
				GCC_WARN_64_TO_32_BIT_CONVERSION = YES;
				GCC_WARN_ABOUT_RETURN_TYPE = YES_ERROR;
				GCC_WARN_UNDECLARED_SELECTOR = YES;
				GCC_WARN_UNINITIALIZED_AUTOS = YES_AGGRESSIVE;
				GCC_WARN_UNUSED_FUNCTION = YES;
				GCC_WARN_UNUSED_VARIABLE = YES;
				IPHONEOS_DEPLOYMENT_TARGET = 13.5;
				MTL_ENABLE_DEBUG_INFO = NO;
				MTL_FAST_MATH = YES;
				SDKROOT = iphoneos;
				SWIFT_COMPILATION_MODE = wholemodule;
				SWIFT_OPTIMIZATION_LEVEL = "-O";
				VALIDATE_PRODUCT = YES;
			};
			name = Release;
		};
		B502ADF72496308500A82BBB /* Debug */ = {
			isa = XCBuildConfiguration;
			buildSettings = {
				ASSETCATALOG_COMPILER_APPICON_NAME = AppIcon;
				CODE_SIGN_STYLE = Automatic;
				DEVELOPMENT_ASSET_PATHS = "\"Memorize_retyped/Preview Content\"";
				DEVELOPMENT_TEAM = D6Z6GBS4J9;
				ENABLE_PREVIEWS = YES;
				INFOPLIST_FILE = Memorize_retyped/Info.plist;
				LD_RUNPATH_SEARCH_PATHS = (
					"$(inherited)",
					"@executable_path/Frameworks",
				);
				PRODUCT_BUNDLE_IDENTIFIER = "com.markokramar.Memorize-retyped";
				PRODUCT_NAME = "$(TARGET_NAME)";
				SWIFT_VERSION = 5.0;
				TARGETED_DEVICE_FAMILY = "1,2";
			};
			name = Debug;
		};
		B502ADF82496308500A82BBB /* Release */ = {
			isa = XCBuildConfiguration;
			buildSettings = {
				ASSETCATALOG_COMPILER_APPICON_NAME = AppIcon;
				CODE_SIGN_STYLE = Automatic;
				DEVELOPMENT_ASSET_PATHS = "\"Memorize_retyped/Preview Content\"";
				DEVELOPMENT_TEAM = D6Z6GBS4J9;
				ENABLE_PREVIEWS = YES;
				INFOPLIST_FILE = Memorize_retyped/Info.plist;
				LD_RUNPATH_SEARCH_PATHS = (
					"$(inherited)",
					"@executable_path/Frameworks",
				);
				PRODUCT_BUNDLE_IDENTIFIER = "com.markokramar.Memorize-retyped";
				PRODUCT_NAME = "$(TARGET_NAME)";
				SWIFT_VERSION = 5.0;
				TARGETED_DEVICE_FAMILY = "1,2";
			};
			name = Release;
		};
/* End XCBuildConfiguration section */

/* Begin XCConfigurationList section */
		B502ADDD2496308200A82BBB /* Build configuration list for PBXProject "Memorize_retyped" */ = {
			isa = XCConfigurationList;
			buildConfigurations = (
				B502ADF42496308500A82BBB /* Debug */,
				B502ADF52496308500A82BBB /* Release */,
			);
			defaultConfigurationIsVisible = 0;
			defaultConfigurationName = Release;
		};
		B502ADF62496308500A82BBB /* Build configuration list for PBXNativeTarget "Memorize_retyped" */ = {
			isa = XCConfigurationList;
			buildConfigurations = (
				B502ADF72496308500A82BBB /* Debug */,
				B502ADF82496308500A82BBB /* Release */,
			);
			defaultConfigurationIsVisible = 0;
			defaultConfigurationName = Release;
		};
/* End XCConfigurationList section */
	};
	rootObject = B502ADDA2496308200A82BBB /* Project object */;
}
