// !$*UTF8*$!
{
	archiveVersion = 1;
	classes = {
	};
	objectVersion = 50;
	objects = {

/* Begin PBXBuildFile section */
		AD0B2363253F2986005771DC /* BucketListApp.swift in Sources */ = {isa = PBXBuildFile; fileRef = AD0B2362253F2986005771DC /* BucketListApp.swift */; };
		AD0B2365253F2986005771DC /* ContentView_old1.swift in Sources */ = {isa = PBXBuildFile; fileRef = AD0B2364253F2986005771DC /* ContentView_old1.swift */; };
		AD0B2367253F2989005771DC /* Assets.xcassets in Resources */ = {isa = PBXBuildFile; fileRef = AD0B2366253F2989005771DC /* Assets.xcassets */; };
		AD0B236A253F2989005771DC /* Preview Assets.xcassets in Resources */ = {isa = PBXBuildFile; fileRef = AD0B2369253F2989005771DC /* Preview Assets.xcassets */; };
		AD0B237425406DBF005771DC /* ContentView_old2.swift in Sources */ = {isa = PBXBuildFile; fileRef = AD0B237325406DBF005771DC /* ContentView_old2.swift */; };
		AD0B237725406DF7005771DC /* MapView.swift in Sources */ = {isa = PBXBuildFile; fileRef = AD0B237625406DF7005771DC /* MapView.swift */; };
		AD1A527D2542108F00F7C053 /* ContentView.swift in Sources */ = {isa = PBXBuildFile; fileRef = AD1A527C2542108F00F7C053 /* ContentView.swift */; };
		ADD2BFBA2543188E005B114C /* MKPointAnnotation+ObservableObject.swift in Sources */ = {isa = PBXBuildFile; fileRef = ADD2BFB92543188E005B114C /* MKPointAnnotation+ObservableObject.swift */; };
		ADD2BFBD254318ED005B114C /* EditView.swift in Sources */ = {isa = PBXBuildFile; fileRef = ADD2BFBC254318ED005B114C /* EditView.swift */; };
		ADD2BFC025431BA7005B114C /* Result.swift in Sources */ = {isa = PBXBuildFile; fileRef = ADD2BFBF25431BA7005B114C /* Result.swift */; };
		ADD2BFC725447E9A005B114C /* CodableMKPointAnnotation.swift in Sources */ = {isa = PBXBuildFile; fileRef = ADD2BFC625447E9A005B114C /* CodableMKPointAnnotation.swift */; };
/* End PBXBuildFile section */

/* Begin PBXFileReference section */
		AD0B235F253F2986005771DC /* BucketList.app */ = {isa = PBXFileReference; explicitFileType = wrapper.application; includeInIndex = 0; path = BucketList.app; sourceTree = BUILT_PRODUCTS_DIR; };
		AD0B2362253F2986005771DC /* BucketListApp.swift */ = {isa = PBXFileReference; lastKnownFileType = sourcecode.swift; path = BucketListApp.swift; sourceTree = "<group>"; };
		AD0B2364253F2986005771DC /* ContentView_old1.swift */ = {isa = PBXFileReference; lastKnownFileType = sourcecode.swift; path = ContentView_old1.swift; sourceTree = "<group>"; };
		AD0B2366253F2989005771DC /* Assets.xcassets */ = {isa = PBXFileReference; lastKnownFileType = folder.assetcatalog; path = Assets.xcassets; sourceTree = "<group>"; };
		AD0B2369253F2989005771DC /* Preview Assets.xcassets */ = {isa = PBXFileReference; lastKnownFileType = folder.assetcatalog; path = "Preview Assets.xcassets"; sourceTree = "<group>"; };
		AD0B236B253F2989005771DC /* Info.plist */ = {isa = PBXFileReference; lastKnownFileType = text.plist.xml; path = Info.plist; sourceTree = "<group>"; };
		AD0B237325406DBF005771DC /* ContentView_old2.swift */ = {isa = PBXFileReference; lastKnownFileType = sourcecode.swift; path = ContentView_old2.swift; sourceTree = "<group>"; };
		AD0B237625406DF7005771DC /* MapView.swift */ = {isa = PBXFileReference; lastKnownFileType = sourcecode.swift; path = MapView.swift; sourceTree = "<group>"; };
		AD1A527C2542108F00F7C053 /* ContentView.swift */ = {isa = PBXFileReference; lastKnownFileType = sourcecode.swift; path = ContentView.swift; sourceTree = "<group>"; };
		ADD2BFB92543188E005B114C /* MKPointAnnotation+ObservableObject.swift */ = {isa = PBXFileReference; lastKnownFileType = sourcecode.swift; path = "MKPointAnnotation+ObservableObject.swift"; sourceTree = "<group>"; };
		ADD2BFBC254318ED005B114C /* EditView.swift */ = {isa = PBXFileReference; lastKnownFileType = sourcecode.swift; path = EditView.swift; sourceTree = "<group>"; };
		ADD2BFBF25431BA7005B114C /* Result.swift */ = {isa = PBXFileReference; lastKnownFileType = sourcecode.swift; path = Result.swift; sourceTree = "<group>"; };
		ADD2BFC625447E9A005B114C /* CodableMKPointAnnotation.swift */ = {isa = PBXFileReference; lastKnownFileType = sourcecode.swift; path = CodableMKPointAnnotation.swift; sourceTree = "<group>"; };
/* End PBXFileReference section */

/* Begin PBXFrameworksBuildPhase section */
		AD0B235C253F2986005771DC /* Frameworks */ = {
			isa = PBXFrameworksBuildPhase;
			buildActionMask = 2147483647;
			files = (
			);
			runOnlyForDeploymentPostprocessing = 0;
		};
/* End PBXFrameworksBuildPhase section */

/* Begin PBXGroup section */
		AD0B2356253F2986005771DC = {
			isa = PBXGroup;
			children = (
				AD0B2361253F2986005771DC /* BucketList */,
				AD0B2360253F2986005771DC /* Products */,
			);
			sourceTree = "<group>";
		};
		AD0B2360253F2986005771DC /* Products */ = {
			isa = PBXGroup;
			children = (
				AD0B235F253F2986005771DC /* BucketList.app */,
			);
			name = Products;
			sourceTree = "<group>";
		};
		AD0B2361253F2986005771DC /* BucketList */ = {
			isa = PBXGroup;
			children = (
				AD0B2362253F2986005771DC /* BucketListApp.swift */,
				AD0B2364253F2986005771DC /* ContentView_old1.swift */,
				AD0B237325406DBF005771DC /* ContentView_old2.swift */,
				AD1A527C2542108F00F7C053 /* ContentView.swift */,
				ADD2BFBF25431BA7005B114C /* Result.swift */,
				AD0B237625406DF7005771DC /* MapView.swift */,
				ADD2BFB92543188E005B114C /* MKPointAnnotation+ObservableObject.swift */,
				ADD2BFBC254318ED005B114C /* EditView.swift */,
				ADD2BFC625447E9A005B114C /* CodableMKPointAnnotation.swift */,
				AD0B2366253F2989005771DC /* Assets.xcassets */,
				AD0B236B253F2989005771DC /* Info.plist */,
				AD0B2368253F2989005771DC /* Preview Content */,
			);
			path = BucketList;
			sourceTree = "<group>";
		};
		AD0B2368253F2989005771DC /* Preview Content */ = {
			isa = PBXGroup;
			children = (
				AD0B2369253F2989005771DC /* Preview Assets.xcassets */,
			);
			path = "Preview Content";
			sourceTree = "<group>";
		};
/* End PBXGroup section */

/* Begin PBXNativeTarget section */
		AD0B235E253F2986005771DC /* BucketList */ = {
			isa = PBXNativeTarget;
			buildConfigurationList = AD0B236E253F2989005771DC /* Build configuration list for PBXNativeTarget "BucketList" */;
			buildPhases = (
				AD0B235B253F2986005771DC /* Sources */,
				AD0B235C253F2986005771DC /* Frameworks */,
				AD0B235D253F2986005771DC /* Resources */,
			);
			buildRules = (
			);
			dependencies = (
			);
			name = BucketList;
			productName = BucketList;
			productReference = AD0B235F253F2986005771DC /* BucketList.app */;
			productType = "com.apple.product-type.application";
		};
/* End PBXNativeTarget section */

/* Begin PBXProject section */
		AD0B2357253F2986005771DC /* Project object */ = {
			isa = PBXProject;
			attributes = {
				LastSwiftUpdateCheck = 1200;
				LastUpgradeCheck = 1200;
				TargetAttributes = {
					AD0B235E253F2986005771DC = {
						CreatedOnToolsVersion = 12.0.1;
					};
				};
			};
			buildConfigurationList = AD0B235A253F2986005771DC /* Build configuration list for PBXProject "BucketList" */;
			compatibilityVersion = "Xcode 9.3";
			developmentRegion = en;
			hasScannedForEncodings = 0;
			knownRegions = (
				en,
				Base,
			);
			mainGroup = AD0B2356253F2986005771DC;
			productRefGroup = AD0B2360253F2986005771DC /* Products */;
			projectDirPath = "";
			projectRoot = "";
			targets = (
				AD0B235E253F2986005771DC /* BucketList */,
			);
		};
/* End PBXProject section */

/* Begin PBXResourcesBuildPhase section */
		AD0B235D253F2986005771DC /* Resources */ = {
			isa = PBXResourcesBuildPhase;
			buildActionMask = 2147483647;
			files = (
				AD0B236A253F2989005771DC /* Preview Assets.xcassets in Resources */,
				AD0B2367253F2989005771DC /* Assets.xcassets in Resources */,
			);
			runOnlyForDeploymentPostprocessing = 0;
		};
/* End PBXResourcesBuildPhase section */

/* Begin PBXSourcesBuildPhase section */
		AD0B235B253F2986005771DC /* Sources */ = {
			isa = PBXSourcesBuildPhase;
			buildActionMask = 2147483647;
			files = (
				AD0B2365253F2986005771DC /* ContentView_old1.swift in Sources */,
				AD1A527D2542108F00F7C053 /* ContentView.swift in Sources */,
				AD0B237725406DF7005771DC /* MapView.swift in Sources */,
				AD0B2363253F2986005771DC /* BucketListApp.swift in Sources */,
				ADD2BFC725447E9A005B114C /* CodableMKPointAnnotation.swift in Sources */,
				ADD2BFBD254318ED005B114C /* EditView.swift in Sources */,
				AD0B237425406DBF005771DC /* ContentView_old2.swift in Sources */,
				ADD2BFC025431BA7005B114C /* Result.swift in Sources */,
				ADD2BFBA2543188E005B114C /* MKPointAnnotation+ObservableObject.swift in Sources */,
			);
			runOnlyForDeploymentPostprocessing = 0;
		};
/* End PBXSourcesBuildPhase section */

/* Begin XCBuildConfiguration section */
		AD0B236C253F2989005771DC /* Debug */ = {
			isa = XCBuildConfiguration;
			buildSettings = {
				ALWAYS_SEARCH_USER_PATHS = NO;
				CLANG_ANALYZER_NONNULL = YES;
				CLANG_ANALYZER_NUMBER_OBJECT_CONVERSION = YES_AGGRESSIVE;
				CLANG_CXX_LANGUAGE_STANDARD = "gnu++14";
				CLANG_CXX_LIBRARY = "libc++";
				CLANG_ENABLE_MODULES = YES;
				CLANG_ENABLE_OBJC_ARC = YES;
				CLANG_ENABLE_OBJC_WEAK = YES;
				CLANG_WARN_BLOCK_CAPTURE_AUTORELEASING = YES;
				CLANG_WARN_BOOL_CONVERSION = YES;
				CLANG_WARN_COMMA = YES;
				CLANG_WARN_CONSTANT_CONVERSION = YES;
				CLANG_WARN_DEPRECATED_OBJC_IMPLEMENTATIONS = YES;
				CLANG_WARN_DIRECT_OBJC_ISA_USAGE = YES_ERROR;
				CLANG_WARN_DOCUMENTATION_COMMENTS = YES;
				CLANG_WARN_EMPTY_BODY = YES;
				CLANG_WARN_ENUM_CONVERSION = YES;
				CLANG_WARN_INFINITE_RECURSION = YES;
				CLANG_WARN_INT_CONVERSION = YES;
				CLANG_WARN_NON_LITERAL_NULL_CONVERSION = YES;
				CLANG_WARN_OBJC_IMPLICIT_RETAIN_SELF = YES;
				CLANG_WARN_OBJC_LITERAL_CONVERSION = YES;
				CLANG_WARN_OBJC_ROOT_CLASS = YES_ERROR;
				CLANG_WARN_QUOTED_INCLUDE_IN_FRAMEWORK_HEADER = YES;
				CLANG_WARN_RANGE_LOOP_ANALYSIS = YES;
				CLANG_WARN_STRICT_PROTOTYPES = YES;
				CLANG_WARN_SUSPICIOUS_MOVE = YES;
				CLANG_WARN_UNGUARDED_AVAILABILITY = YES_AGGRESSIVE;
				CLANG_WARN_UNREACHABLE_CODE = YES;
				CLANG_WARN__DUPLICATE_METHOD_MATCH = YES;
				COPY_PHASE_STRIP = NO;
				DEBUG_INFORMATION_FORMAT = dwarf;
				ENABLE_STRICT_OBJC_MSGSEND = YES;
				ENABLE_TESTABILITY = YES;
				GCC_C_LANGUAGE_STANDARD = gnu11;
				GCC_DYNAMIC_NO_PIC = NO;
				GCC_NO_COMMON_BLOCKS = YES;
				GCC_OPTIMIZATION_LEVEL = 0;
				GCC_PREPROCESSOR_DEFINITIONS = (
					"DEBUG=1",
					"$(inherited)",
				);
				GCC_WARN_64_TO_32_BIT_CONVERSION = YES;
				GCC_WARN_ABOUT_RETURN_TYPE = YES_ERROR;
				GCC_WARN_UNDECLARED_SELECTOR = YES;
				GCC_WARN_UNINITIALIZED_AUTOS = YES_AGGRESSIVE;
				GCC_WARN_UNUSED_FUNCTION = YES;
				GCC_WARN_UNUSED_VARIABLE = YES;
				IPHONEOS_DEPLOYMENT_TARGET = 14.0;
				MTL_ENABLE_DEBUG_INFO = INCLUDE_SOURCE;
				MTL_FAST_MATH = YES;
				ONLY_ACTIVE_ARCH = YES;
				SDKROOT = iphoneos;
				SWIFT_ACTIVE_COMPILATION_CONDITIONS = DEBUG;
				SWIFT_OPTIMIZATION_LEVEL = "-Onone";
			};
			name = Debug;
		};
		AD0B236D253F2989005771DC /* Release */ = {
			isa = XCBuildConfiguration;
			buildSettings = {
				ALWAYS_SEARCH_USER_PATHS = NO;
				CLANG_ANALYZER_NONNULL = YES;
				CLANG_ANALYZER_NUMBER_OBJECT_CONVERSION = YES_AGGRESSIVE;
				CLANG_CXX_LANGUAGE_STANDARD = "gnu++14";
				CLANG_CXX_LIBRARY = "libc++";
				CLANG_ENABLE_MODULES = YES;
				CLANG_ENABLE_OBJC_ARC = YES;
				CLANG_ENABLE_OBJC_WEAK = YES;
				CLANG_WARN_BLOCK_CAPTURE_AUTORELEASING = YES;
				CLANG_WARN_BOOL_CONVERSION = YES;
				CLANG_WARN_COMMA = YES;
				CLANG_WARN_CONSTANT_CONVERSION = YES;
				CLANG_WARN_DEPRECATED_OBJC_IMPLEMENTATIONS = YES;
				CLANG_WARN_DIRECT_OBJC_ISA_USAGE = YES_ERROR;
				CLANG_WARN_DOCUMENTATION_COMMENTS = YES;
				CLANG_WARN_EMPTY_BODY = YES;
				CLANG_WARN_ENUM_CONVERSION = YES;
				CLANG_WARN_INFINITE_RECURSION = YES;
				CLANG_WARN_INT_CONVERSION = YES;
				CLANG_WARN_NON_LITERAL_NULL_CONVERSION = YES;
				CLANG_WARN_OBJC_IMPLICIT_RETAIN_SELF = YES;
				CLANG_WARN_OBJC_LITERAL_CONVERSION = YES;
				CLANG_WARN_OBJC_ROOT_CLASS = YES_ERROR;
				CLANG_WARN_QUOTED_INCLUDE_IN_FRAMEWORK_HEADER = YES;
				CLANG_WARN_RANGE_LOOP_ANALYSIS = YES;
				CLANG_WARN_STRICT_PROTOTYPES = YES;
				CLANG_WARN_SUSPICIOUS_MOVE = YES;
				CLANG_WARN_UNGUARDED_AVAILABILITY = YES_AGGRESSIVE;
				CLANG_WARN_UNREACHABLE_CODE = YES;
				CLANG_WARN__DUPLICATE_METHOD_MATCH = YES;
				COPY_PHASE_STRIP = NO;
				DEBUG_INFORMATION_FORMAT = "dwarf-with-dsym";
				ENABLE_NS_ASSERTIONS = NO;
				ENABLE_STRICT_OBJC_MSGSEND = YES;
				GCC_C_LANGUAGE_STANDARD = gnu11;
				GCC_NO_COMMON_BLOCKS = YES;
				GCC_WARN_64_TO_32_BIT_CONVERSION = YES;
				GCC_WARN_ABOUT_RETURN_TYPE = YES_ERROR;
				GCC_WARN_UNDECLARED_SELECTOR = YES;
				GCC_WARN_UNINITIALIZED_AUTOS = YES_AGGRESSIVE;
				GCC_WARN_UNUSED_FUNCTION = YES;
				GCC_WARN_UNUSED_VARIABLE = YES;
				IPHONEOS_DEPLOYMENT_TARGET = 14.0;
				MTL_ENABLE_DEBUG_INFO = NO;
				MTL_FAST_MATH = YES;
				SDKROOT = iphoneos;
				SWIFT_COMPILATION_MODE = wholemodule;
				SWIFT_OPTIMIZATION_LEVEL = "-O";
				VALIDATE_PRODUCT = YES;
			};
			name = Release;
		};
		AD0B236F253F2989005771DC /* Debug */ = {
			isa = XCBuildConfiguration;
			buildSettings = {
				ASSETCATALOG_COMPILER_APPICON_NAME = AppIcon;
				ASSETCATALOG_COMPILER_GLOBAL_ACCENT_COLOR_NAME = AccentColor;
				CODE_SIGN_STYLE = Automatic;
				DEVELOPMENT_ASSET_PATHS = "\"BucketList/Preview Content\"";
				DEVELOPMENT_TEAM = D6Z6GBS4J9;
				ENABLE_PREVIEWS = YES;
				INFOPLIST_FILE = BucketList/Info.plist;
				IPHONEOS_DEPLOYMENT_TARGET = 14.0;
				LD_RUNPATH_SEARCH_PATHS = (
					"$(inherited)",
					"@executable_path/Frameworks",
				);
				PRODUCT_BUNDLE_IDENTIFIER = com.markokramar.BucketList;
				PRODUCT_NAME = "$(TARGET_NAME)";
				SWIFT_VERSION = 5.0;
				TARGETED_DEVICE_FAMILY = "1,2";
			};
			name = Debug;
		};
		AD0B2370253F2989005771DC /* Release */ = {
			isa = XCBuildConfiguration;
			buildSettings = {
				ASSETCATALOG_COMPILER_APPICON_NAME = AppIcon;
				ASSETCATALOG_COMPILER_GLOBAL_ACCENT_COLOR_NAME = AccentColor;
				CODE_SIGN_STYLE = Automatic;
				DEVELOPMENT_ASSET_PATHS = "\"BucketList/Preview Content\"";
				DEVELOPMENT_TEAM = D6Z6GBS4J9;
				ENABLE_PREVIEWS = YES;
				INFOPLIST_FILE = BucketList/Info.plist;
				IPHONEOS_DEPLOYMENT_TARGET = 14.0;
				LD_RUNPATH_SEARCH_PATHS = (
					"$(inherited)",
					"@executable_path/Frameworks",
				);
				PRODUCT_BUNDLE_IDENTIFIER = com.markokramar.BucketList;
				PRODUCT_NAME = "$(TARGET_NAME)";
				SWIFT_VERSION = 5.0;
				TARGETED_DEVICE_FAMILY = "1,2";
			};
			name = Release;
		};
/* End XCBuildConfiguration section */

/* Begin XCConfigurationList section */
		AD0B235A253F2986005771DC /* Build configuration list for PBXProject "BucketList" */ = {
			isa = XCConfigurationList;
			buildConfigurations = (
				AD0B236C253F2989005771DC /* Debug */,
				AD0B236D253F2989005771DC /* Release */,
			);
			defaultConfigurationIsVisible = 0;
			defaultConfigurationName = Release;
		};
		AD0B236E253F2989005771DC /* Build configuration list for PBXNativeTarget "BucketList" */ = {
			isa = XCConfigurationList;
			buildConfigurations = (
				AD0B236F253F2989005771DC /* Debug */,
				AD0B2370253F2989005771DC /* Release */,
			);
			defaultConfigurationIsVisible = 0;
			defaultConfigurationName = Release;
		};
/* End XCConfigurationList section */
	};
	rootObject = AD0B2357253F2986005771DC /* Project object */;
}
