// !$*UTF8*$!
{
	archiveVersion = 1;
	classes = {
	};
	objectVersion = 50;
	objects = {

/* Begin PBXBuildFile section */
		ADB7EA772597C3EF00C84D38 /* ContentView_old2.swift in Sources */ = {isa = PBXBuildFile; fileRef = ADB7EA762597C3EF00C84D38 /* ContentView_old2.swift */; };
		ADB7EA7A2597C88A00C84D38 /* ContentView.swift in Sources */ = {isa = PBXBuildFile; fileRef = ADB7EA792597C88A00C84D38 /* ContentView.swift */; };
		ADFF2AF125960876006F5434 /* SimpleCounterAppApp.swift in Sources */ = {isa = PBXBuildFile; fileRef = ADFF2AF025960876006F5434 /* SimpleCounterAppApp.swift */; };
		ADFF2AF325960876006F5434 /* ContentView_old1.swift in Sources */ = {isa = PBXBuildFile; fileRef = ADFF2AF225960876006F5434 /* ContentView_old1.swift */; };
		ADFF2AF525960878006F5434 /* Assets.xcassets in Resources */ = {isa = PBXBuildFile; fileRef = ADFF2AF425960878006F5434 /* Assets.xcassets */; };
		ADFF2AF825960878006F5434 /* Preview Assets.xcassets in Resources */ = {isa = PBXBuildFile; fileRef = ADFF2AF725960878006F5434 /* Preview Assets.xcassets */; };
/* End PBXBuildFile section */

/* Begin PBXFileReference section */
		ADB7EA762597C3EF00C84D38 /* ContentView_old2.swift */ = {isa = PBXFileReference; lastKnownFileType = sourcecode.swift; path = ContentView_old2.swift; sourceTree = "<group>"; };
		ADB7EA792597C88A00C84D38 /* ContentView.swift */ = {isa = PBXFileReference; lastKnownFileType = sourcecode.swift; path = ContentView.swift; sourceTree = "<group>"; };
		ADFF2AED25960876006F5434 /* SimpleCounterApp.app */ = {isa = PBXFileReference; explicitFileType = wrapper.application; includeInIndex = 0; path = SimpleCounterApp.app; sourceTree = BUILT_PRODUCTS_DIR; };
		ADFF2AF025960876006F5434 /* SimpleCounterAppApp.swift */ = {isa = PBXFileReference; lastKnownFileType = sourcecode.swift; path = SimpleCounterAppApp.swift; sourceTree = "<group>"; };
		ADFF2AF225960876006F5434 /* ContentView_old1.swift */ = {isa = PBXFileReference; lastKnownFileType = sourcecode.swift; path = ContentView_old1.swift; sourceTree = "<group>"; };
		ADFF2AF425960878006F5434 /* Assets.xcassets */ = {isa = PBXFileReference; lastKnownFileType = folder.assetcatalog; path = Assets.xcassets; sourceTree = "<group>"; };
		ADFF2AF725960878006F5434 /* Preview Assets.xcassets */ = {isa = PBXFileReference; lastKnownFileType = folder.assetcatalog; path = "Preview Assets.xcassets"; sourceTree = "<group>"; };
		ADFF2AF925960878006F5434 /* Info.plist */ = {isa = PBXFileReference; lastKnownFileType = text.plist.xml; path = Info.plist; sourceTree = "<group>"; };
/* End PBXFileReference section */

/* Begin PBXFrameworksBuildPhase section */
		ADFF2AEA25960876006F5434 /* Frameworks */ = {
			isa = PBXFrameworksBuildPhase;
			buildActionMask = 2147483647;
			files = (
			);
			runOnlyForDeploymentPostprocessing = 0;
		};
/* End PBXFrameworksBuildPhase section */

/* Begin PBXGroup section */
		ADFF2AE425960876006F5434 = {
			isa = PBXGroup;
			children = (
				ADFF2AEF25960876006F5434 /* SimpleCounterApp */,
				ADFF2AEE25960876006F5434 /* Products */,
			);
			sourceTree = "<group>";
		};
		ADFF2AEE25960876006F5434 /* Products */ = {
			isa = PBXGroup;
			children = (
				ADFF2AED25960876006F5434 /* SimpleCounterApp.app */,
			);
			name = Products;
			sourceTree = "<group>";
		};
		ADFF2AEF25960876006F5434 /* SimpleCounterApp */ = {
			isa = PBXGroup;
			children = (
				ADFF2AF025960876006F5434 /* SimpleCounterAppApp.swift */,
				ADFF2AF225960876006F5434 /* ContentView_old1.swift */,
				ADB7EA762597C3EF00C84D38 /* ContentView_old2.swift */,
				ADB7EA792597C88A00C84D38 /* ContentView.swift */,
				ADFF2AF425960878006F5434 /* Assets.xcassets */,
				ADFF2AF925960878006F5434 /* Info.plist */,
				ADFF2AF625960878006F5434 /* Preview Content */,
			);
			path = SimpleCounterApp;
			sourceTree = "<group>";
		};
		ADFF2AF625960878006F5434 /* Preview Content */ = {
			isa = PBXGroup;
			children = (
				ADFF2AF725960878006F5434 /* Preview Assets.xcassets */,
			);
			path = "Preview Content";
			sourceTree = "<group>";
		};
/* End PBXGroup section */

/* Begin PBXNativeTarget section */
		ADFF2AEC25960876006F5434 /* SimpleCounterApp */ = {
			isa = PBXNativeTarget;
			buildConfigurationList = ADFF2AFC25960878006F5434 /* Build configuration list for PBXNativeTarget "SimpleCounterApp" */;
			buildPhases = (
				ADFF2AE925960876006F5434 /* Sources */,
				ADFF2AEA25960876006F5434 /* Frameworks */,
				ADFF2AEB25960876006F5434 /* Resources */,
			);
			buildRules = (
			);
			dependencies = (
			);
			name = SimpleCounterApp;
			productName = SimpleCounterApp;
			productReference = ADFF2AED25960876006F5434 /* SimpleCounterApp.app */;
			productType = "com.apple.product-type.application";
		};
/* End PBXNativeTarget section */

/* Begin PBXProject section */
		ADFF2AE525960876006F5434 /* Project object */ = {
			isa = PBXProject;
			attributes = {
				LastSwiftUpdateCheck = 1230;
				LastUpgradeCheck = 1230;
				TargetAttributes = {
					ADFF2AEC25960876006F5434 = {
						CreatedOnToolsVersion = 12.3;
					};
				};
			};
			buildConfigurationList = ADFF2AE825960876006F5434 /* Build configuration list for PBXProject "SimpleCounterApp" */;
			compatibilityVersion = "Xcode 9.3";
			developmentRegion = en;
			hasScannedForEncodings = 0;
			knownRegions = (
				en,
				Base,
			);
			mainGroup = ADFF2AE425960876006F5434;
			productRefGroup = ADFF2AEE25960876006F5434 /* Products */;
			projectDirPath = "";
			projectRoot = "";
			targets = (
				ADFF2AEC25960876006F5434 /* SimpleCounterApp */,
			);
		};
/* End PBXProject section */

/* Begin PBXResourcesBuildPhase section */
		ADFF2AEB25960876006F5434 /* Resources */ = {
			isa = PBXResourcesBuildPhase;
			buildActionMask = 2147483647;
			files = (
				ADFF2AF825960878006F5434 /* Preview Assets.xcassets in Resources */,
				ADFF2AF525960878006F5434 /* Assets.xcassets in Resources */,
			);
			runOnlyForDeploymentPostprocessing = 0;
		};
/* End PBXResourcesBuildPhase section */

/* Begin PBXSourcesBuildPhase section */
		ADFF2AE925960876006F5434 /* Sources */ = {
			isa = PBXSourcesBuildPhase;
			buildActionMask = 2147483647;
			files = (
				ADFF2AF325960876006F5434 /* ContentView_old1.swift in Sources */,
				ADFF2AF125960876006F5434 /* SimpleCounterAppApp.swift in Sources */,
				ADB7EA7A2597C88A00C84D38 /* ContentView.swift in Sources */,
				ADB7EA772597C3EF00C84D38 /* ContentView_old2.swift in Sources */,
			);
			runOnlyForDeploymentPostprocessing = 0;
		};
/* End PBXSourcesBuildPhase section */

/* Begin XCBuildConfiguration section */
		ADFF2AFA25960878006F5434 /* Debug */ = {
			isa = XCBuildConfiguration;
			buildSettings = {
				ALWAYS_SEARCH_USER_PATHS = NO;
				CLANG_ANALYZER_NONNULL = YES;
				CLANG_ANALYZER_NUMBER_OBJECT_CONVERSION = YES_AGGRESSIVE;
				CLANG_CXX_LANGUAGE_STANDARD = "gnu++14";
				CLANG_CXX_LIBRARY = "libc++";
				CLANG_ENABLE_MODULES = YES;
				CLANG_ENABLE_OBJC_ARC = YES;
				CLANG_ENABLE_OBJC_WEAK = YES;
				CLANG_WARN_BLOCK_CAPTURE_AUTORELEASING = YES;
				CLANG_WARN_BOOL_CONVERSION = YES;
				CLANG_WARN_COMMA = YES;
				CLANG_WARN_CONSTANT_CONVERSION = YES;
				CLANG_WARN_DEPRECATED_OBJC_IMPLEMENTATIONS = YES;
				CLANG_WARN_DIRECT_OBJC_ISA_USAGE = YES_ERROR;
				CLANG_WARN_DOCUMENTATION_COMMENTS = YES;
				CLANG_WARN_EMPTY_BODY = YES;
				CLANG_WARN_ENUM_CONVERSION = YES;
				CLANG_WARN_INFINITE_RECURSION = YES;
				CLANG_WARN_INT_CONVERSION = YES;
				CLANG_WARN_NON_LITERAL_NULL_CONVERSION = YES;
				CLANG_WARN_OBJC_IMPLICIT_RETAIN_SELF = YES;
				CLANG_WARN_OBJC_LITERAL_CONVERSION = YES;
				CLANG_WARN_OBJC_ROOT_CLASS = YES_ERROR;
				CLANG_WARN_QUOTED_INCLUDE_IN_FRAMEWORK_HEADER = YES;
				CLANG_WARN_RANGE_LOOP_ANALYSIS = YES;
				CLANG_WARN_STRICT_PROTOTYPES = YES;
				CLANG_WARN_SUSPICIOUS_MOVE = YES;
				CLANG_WARN_UNGUARDED_AVAILABILITY = YES_AGGRESSIVE;
				CLANG_WARN_UNREACHABLE_CODE = YES;
				CLANG_WARN__DUPLICATE_METHOD_MATCH = YES;
				COPY_PHASE_STRIP = NO;
				DEBUG_INFORMATION_FORMAT = dwarf;
				ENABLE_STRICT_OBJC_MSGSEND = YES;
				ENABLE_TESTABILITY = YES;
				GCC_C_LANGUAGE_STANDARD = gnu11;
				GCC_DYNAMIC_NO_PIC = NO;
				GCC_NO_COMMON_BLOCKS = YES;
				GCC_OPTIMIZATION_LEVEL = 0;
				GCC_PREPROCESSOR_DEFINITIONS = (
					"DEBUG=1",
					"$(inherited)",
				);
				GCC_WARN_64_TO_32_BIT_CONVERSION = YES;
				GCC_WARN_ABOUT_RETURN_TYPE = YES_ERROR;
				GCC_WARN_UNDECLARED_SELECTOR = YES;
				GCC_WARN_UNINITIALIZED_AUTOS = YES_AGGRESSIVE;
				GCC_WARN_UNUSED_FUNCTION = YES;
				GCC_WARN_UNUSED_VARIABLE = YES;
				IPHONEOS_DEPLOYMENT_TARGET = 14.3;
				MTL_ENABLE_DEBUG_INFO = INCLUDE_SOURCE;
				MTL_FAST_MATH = YES;
				ONLY_ACTIVE_ARCH = YES;
				SDKROOT = iphoneos;
				SWIFT_ACTIVE_COMPILATION_CONDITIONS = DEBUG;
				SWIFT_OPTIMIZATION_LEVEL = "-Onone";
			};
			name = Debug;
		};
		ADFF2AFB25960878006F5434 /* Release */ = {
			isa = XCBuildConfiguration;
			buildSettings = {
				ALWAYS_SEARCH_USER_PATHS = NO;
				CLANG_ANALYZER_NONNULL = YES;
				CLANG_ANALYZER_NUMBER_OBJECT_CONVERSION = YES_AGGRESSIVE;
				CLANG_CXX_LANGUAGE_STANDARD = "gnu++14";
				CLANG_CXX_LIBRARY = "libc++";
				CLANG_ENABLE_MODULES = YES;
				CLANG_ENABLE_OBJC_ARC = YES;
				CLANG_ENABLE_OBJC_WEAK = YES;
				CLANG_WARN_BLOCK_CAPTURE_AUTORELEASING = YES;
				CLANG_WARN_BOOL_CONVERSION = YES;
				CLANG_WARN_COMMA = YES;
				CLANG_WARN_CONSTANT_CONVERSION = YES;
				CLANG_WARN_DEPRECATED_OBJC_IMPLEMENTATIONS = YES;
				CLANG_WARN_DIRECT_OBJC_ISA_USAGE = YES_ERROR;
				CLANG_WARN_DOCUMENTATION_COMMENTS = YES;
				CLANG_WARN_EMPTY_BODY = YES;
				CLANG_WARN_ENUM_CONVERSION = YES;
				CLANG_WARN_INFINITE_RECURSION = YES;
				CLANG_WARN_INT_CONVERSION = YES;
				CLANG_WARN_NON_LITERAL_NULL_CONVERSION = YES;
				CLANG_WARN_OBJC_IMPLICIT_RETAIN_SELF = YES;
				CLANG_WARN_OBJC_LITERAL_CONVERSION = YES;
				CLANG_WARN_OBJC_ROOT_CLASS = YES_ERROR;
				CLANG_WARN_QUOTED_INCLUDE_IN_FRAMEWORK_HEADER = YES;
				CLANG_WARN_RANGE_LOOP_ANALYSIS = YES;
				CLANG_WARN_STRICT_PROTOTYPES = YES;
				CLANG_WARN_SUSPICIOUS_MOVE = YES;
				CLANG_WARN_UNGUARDED_AVAILABILITY = YES_AGGRESSIVE;
				CLANG_WARN_UNREACHABLE_CODE = YES;
				CLANG_WARN__DUPLICATE_METHOD_MATCH = YES;
				COPY_PHASE_STRIP = NO;
				DEBUG_INFORMATION_FORMAT = "dwarf-with-dsym";
				ENABLE_NS_ASSERTIONS = NO;
				ENABLE_STRICT_OBJC_MSGSEND = YES;
				GCC_C_LANGUAGE_STANDARD = gnu11;
				GCC_NO_COMMON_BLOCKS = YES;
				GCC_WARN_64_TO_32_BIT_CONVERSION = YES;
				GCC_WARN_ABOUT_RETURN_TYPE = YES_ERROR;
				GCC_WARN_UNDECLARED_SELECTOR = YES;
				GCC_WARN_UNINITIALIZED_AUTOS = YES_AGGRESSIVE;
				GCC_WARN_UNUSED_FUNCTION = YES;
				GCC_WARN_UNUSED_VARIABLE = YES;
				IPHONEOS_DEPLOYMENT_TARGET = 14.3;
				MTL_ENABLE_DEBUG_INFO = NO;
				MTL_FAST_MATH = YES;
				SDKROOT = iphoneos;
				SWIFT_COMPILATION_MODE = wholemodule;
				SWIFT_OPTIMIZATION_LEVEL = "-O";
				VALIDATE_PRODUCT = YES;
			};
			name = Release;
		};
		ADFF2AFD25960878006F5434 /* Debug */ = {
			isa = XCBuildConfiguration;
			buildSettings = {
				ASSETCATALOG_COMPILER_APPICON_NAME = AppIcon;
				ASSETCATALOG_COMPILER_GLOBAL_ACCENT_COLOR_NAME = AccentColor;
				CODE_SIGN_STYLE = Automatic;
				DEVELOPMENT_ASSET_PATHS = "\"SimpleCounterApp/Preview Content\"";
				DEVELOPMENT_TEAM = D6Z6GBS4J9;
				ENABLE_PREVIEWS = YES;
				INFOPLIST_FILE = SimpleCounterApp/Info.plist;
				IPHONEOS_DEPLOYMENT_TARGET = 14.0;
				LD_RUNPATH_SEARCH_PATHS = (
					"$(inherited)",
					"@executable_path/Frameworks",
				);
				PRODUCT_BUNDLE_IDENTIFIER = com.markokramar.SimpleCounterApp;
				PRODUCT_NAME = "$(TARGET_NAME)";
				SWIFT_VERSION = 5.0;
				TARGETED_DEVICE_FAMILY = "1,2";
			};
			name = Debug;
		};
		ADFF2AFE25960878006F5434 /* Release */ = {
			isa = XCBuildConfiguration;
			buildSettings = {
				ASSETCATALOG_COMPILER_APPICON_NAME = AppIcon;
				ASSETCATALOG_COMPILER_GLOBAL_ACCENT_COLOR_NAME = AccentColor;
				CODE_SIGN_STYLE = Automatic;
				DEVELOPMENT_ASSET_PATHS = "\"SimpleCounterApp/Preview Content\"";
				DEVELOPMENT_TEAM = D6Z6GBS4J9;
				ENABLE_PREVIEWS = YES;
				INFOPLIST_FILE = SimpleCounterApp/Info.plist;
				IPHONEOS_DEPLOYMENT_TARGET = 14.0;
				LD_RUNPATH_SEARCH_PATHS = (
					"$(inherited)",
					"@executable_path/Frameworks",
				);
				PRODUCT_BUNDLE_IDENTIFIER = com.markokramar.SimpleCounterApp;
				PRODUCT_NAME = "$(TARGET_NAME)";
				SWIFT_VERSION = 5.0;
				TARGETED_DEVICE_FAMILY = "1,2";
			};
			name = Release;
		};
/* End XCBuildConfiguration section */

/* Begin XCConfigurationList section */
		ADFF2AE825960876006F5434 /* Build configuration list for PBXProject "SimpleCounterApp" */ = {
			isa = XCConfigurationList;
			buildConfigurations = (
				ADFF2AFA25960878006F5434 /* Debug */,
				ADFF2AFB25960878006F5434 /* Release */,
			);
			defaultConfigurationIsVisible = 0;
			defaultConfigurationName = Release;
		};
		ADFF2AFC25960878006F5434 /* Build configuration list for PBXNativeTarget "SimpleCounterApp" */ = {
			isa = XCConfigurationList;
			buildConfigurations = (
				ADFF2AFD25960878006F5434 /* Debug */,
				ADFF2AFE25960878006F5434 /* Release */,
			);
			defaultConfigurationIsVisible = 0;
			defaultConfigurationName = Release;
		};
/* End XCConfigurationList section */
	};
	rootObject = ADFF2AE525960876006F5434 /* Project object */;
}
